// !$*UTF8*$!
{
	archiveVersion = 1;
	classes = {
	};
	objectVersion = 46;
	objects = {

/* Begin PBXBuildFile section */
		B806CDBC1E95392E00250B8F /* YHPPhotoCell.m in Sources */ = {isa = PBXBuildFile; fileRef = B806CDBA1E95392E00250B8F /* YHPPhotoCell.m */; };
		B806CDBD1E95392E00250B8F /* YHPPhotoCell.xib in Resources */ = {isa = PBXBuildFile; fileRef = B806CDBB1E95392E00250B8F /* YHPPhotoCell.xib */; };
		B89513231E8D48830056FD48 /* main.m in Sources */ = {isa = PBXBuildFile; fileRef = B89513221E8D48830056FD48 /* main.m */; };
		B89513261E8D48830056FD48 /* AppDelegate.m in Sources */ = {isa = PBXBuildFile; fileRef = B89513251E8D48830056FD48 /* AppDelegate.m */; };
		B89513291E8D48830056FD48 /* ViewController.m in Sources */ = {isa = PBXBuildFile; fileRef = B89513281E8D48830056FD48 /* ViewController.m */; };
		B895132C1E8D48830056FD48 /* Main.storyboard in Resources */ = {isa = PBXBuildFile; fileRef = B895132A1E8D48830056FD48 /* Main.storyboard */; };
		B895132E1E8D48830056FD48 /* Assets.xcassets in Resources */ = {isa = PBXBuildFile; fileRef = B895132D1E8D48830056FD48 /* Assets.xcassets */; };
		B89513311E8D48830056FD48 /* LaunchScreen.storyboard in Resources */ = {isa = PBXBuildFile; fileRef = B895132F1E8D48830056FD48 /* LaunchScreen.storyboard */; };
		B895133C1E8D48830056FD48 /* _4______Tests.m in Sources */ = {isa = PBXBuildFile; fileRef = B895133B1E8D48830056FD48 /* _4______Tests.m */; };
		B89513471E8D48830056FD48 /* _4______UITests.m in Sources */ = {isa = PBXBuildFile; fileRef = B89513461E8D48830056FD48 /* _4______UITests.m */; };
		B89513561E8D4FA10056FD48 /* YHPLineLayout.m in Sources */ = {isa = PBXBuildFile; fileRef = B89513551E8D4FA10056FD48 /* YHPLineLayout.m */; };
/* End PBXBuildFile section */

/* Begin PBXContainerItemProxy section */
		B89513381E8D48830056FD48 /* PBXContainerItemProxy */ = {
			isa = PBXContainerItemProxy;
			containerPortal = B89513161E8D48830056FD48 /* Project object */;
			proxyType = 1;
			remoteGlobalIDString = B895131D1E8D48830056FD48;
			remoteInfo = "14-自定义布局";
		};
		B89513431E8D48830056FD48 /* PBXContainerItemProxy */ = {
			isa = PBXContainerItemProxy;
			containerPortal = B89513161E8D48830056FD48 /* Project object */;
			proxyType = 1;
			remoteGlobalIDString = B895131D1E8D48830056FD48;
			remoteInfo = "14-自定义布局";
		};
/* End PBXContainerItemProxy section */

/* Begin PBXFileReference section */
		B806CDB91E95392E00250B8F /* YHPPhotoCell.h */ = {isa = PBXFileReference; fileEncoding = 4; lastKnownFileType = sourcecode.c.h; path = YHPPhotoCell.h; sourceTree = "<group>"; };
		B806CDBA1E95392E00250B8F /* YHPPhotoCell.m */ = {isa = PBXFileReference; fileEncoding = 4; lastKnownFileType = sourcecode.c.objc; path = YHPPhotoCell.m; sourceTree = "<group>"; };
		B806CDBB1E95392E00250B8F /* YHPPhotoCell.xib */ = {isa = PBXFileReference; fileEncoding = 4; lastKnownFileType = file.xib; path = YHPPhotoCell.xib; sourceTree = "<group>"; };
		B895131E1E8D48830056FD48 /* 14-自定义布局.app */ = {isa = PBXFileReference; explicitFileType = wrapper.application; includeInIndex = 0; path = "14-自定义布局.app"; sourceTree = BUILT_PRODUCTS_DIR; };
		B89513221E8D48830056FD48 /* main.m */ = {isa = PBXFileReference; lastKnownFileType = sourcecode.c.objc; path = main.m; sourceTree = "<group>"; };
		B89513241E8D48830056FD48 /* AppDelegate.h */ = {isa = PBXFileReference; lastKnownFileType = sourcecode.c.h; path = AppDelegate.h; sourceTree = "<group>"; };
		B89513251E8D48830056FD48 /* AppDelegate.m */ = {isa = PBXFileReference; lastKnownFileType = sourcecode.c.objc; path = AppDelegate.m; sourceTree = "<group>"; };
		B89513271E8D48830056FD48 /* ViewController.h */ = {isa = PBXFileReference; lastKnownFileType = sourcecode.c.h; path = ViewController.h; sourceTree = "<group>"; };
		B89513281E8D48830056FD48 /* ViewController.m */ = {isa = PBXFileReference; lastKnownFileType = sourcecode.c.objc; path = ViewController.m; sourceTree = "<group>"; };
		B895132B1E8D48830056FD48 /* Base */ = {isa = PBXFileReference; lastKnownFileType = file.storyboard; name = Base; path = Base.lproj/Main.storyboard; sourceTree = "<group>"; };
		B895132D1E8D48830056FD48 /* Assets.xcassets */ = {isa = PBXFileReference; lastKnownFileType = folder.assetcatalog; path = Assets.xcassets; sourceTree = "<group>"; };
		B89513301E8D48830056FD48 /* Base */ = {isa = PBXFileReference; lastKnownFileType = file.storyboard; name = Base; path = Base.lproj/LaunchScreen.storyboard; sourceTree = "<group>"; };
		B89513321E8D48830056FD48 /* Info.plist */ = {isa = PBXFileReference; lastKnownFileType = text.plist.xml; path = Info.plist; sourceTree = "<group>"; };
		B89513371E8D48830056FD48 /* 14-自定义布局Tests.xctest */ = {isa = PBXFileReference; explicitFileType = wrapper.cfbundle; includeInIndex = 0; path = "14-自定义布局Tests.xctest"; sourceTree = BUILT_PRODUCTS_DIR; };
		B895133B1E8D48830056FD48 /* _4______Tests.m */ = {isa = PBXFileReference; lastKnownFileType = sourcecode.c.objc; path = "_4______Tests.m"; sourceTree = "<group>"; };
		B895133D1E8D48830056FD48 /* Info.plist */ = {isa = PBXFileReference; lastKnownFileType = text.plist.xml; path = Info.plist; sourceTree = "<group>"; };
		B89513421E8D48830056FD48 /* 14-自定义布局UITests.xctest */ = {isa = PBXFileReference; explicitFileType = wrapper.cfbundle; includeInIndex = 0; path = "14-自定义布局UITests.xctest"; sourceTree = BUILT_PRODUCTS_DIR; };
		B89513461E8D48830056FD48 /* _4______UITests.m */ = {isa = PBXFileReference; lastKnownFileType = sourcecode.c.objc; path = "_4______UITests.m"; sourceTree = "<group>"; };
		B89513481E8D48830056FD48 /* Info.plist */ = {isa = PBXFileReference; lastKnownFileType = text.plist.xml; path = Info.plist; sourceTree = "<group>"; };
		B89513541E8D4FA10056FD48 /* YHPLineLayout.h */ = {isa = PBXFileReference; fileEncoding = 4; lastKnownFileType = sourcecode.c.h; path = YHPLineLayout.h; sourceTree = "<group>"; };
		B89513551E8D4FA10056FD48 /* YHPLineLayout.m */ = {isa = PBXFileReference; fileEncoding = 4; lastKnownFileType = sourcecode.c.objc; path = YHPLineLayout.m; sourceTree = "<group>"; };
/* End PBXFileReference section */

/* Begin PBXFrameworksBuildPhase section */
		B895131B1E8D48830056FD48 /* Frameworks */ = {
			isa = PBXFrameworksBuildPhase;
			buildActionMask = 2147483647;
			files = (
			);
			runOnlyForDeploymentPostprocessing = 0;
		};
		B89513341E8D48830056FD48 /* Frameworks */ = {
			isa = PBXFrameworksBuildPhase;
			buildActionMask = 2147483647;
			files = (
			);
			runOnlyForDeploymentPostprocessing = 0;
		};
		B895133F1E8D48830056FD48 /* Frameworks */ = {
			isa = PBXFrameworksBuildPhase;
			buildActionMask = 2147483647;
			files = (
			);
			runOnlyForDeploymentPostprocessing = 0;
		};
/* End PBXFrameworksBuildPhase section */

/* Begin PBXGroup section */
		B89513151E8D48830056FD48 = {
			isa = PBXGroup;
			children = (
				B89513201E8D48830056FD48 /* 14-自定义布局 */,
				B895133A1E8D48830056FD48 /* 14-自定义布局Tests */,
				B89513451E8D48830056FD48 /* 14-自定义布局UITests */,
				B895131F1E8D48830056FD48 /* Products */,
			);
			sourceTree = "<group>";
		};
		B895131F1E8D48830056FD48 /* Products */ = {
			isa = PBXGroup;
			children = (
				B895131E1E8D48830056FD48 /* 14-自定义布局.app */,
				B89513371E8D48830056FD48 /* 14-自定义布局Tests.xctest */,
				B89513421E8D48830056FD48 /* 14-自定义布局UITests.xctest */,
			);
			name = Products;
			sourceTree = "<group>";
		};
		B89513201E8D48830056FD48 /* 14-自定义布局 */ = {
			isa = PBXGroup;
			children = (
				B89513541E8D4FA10056FD48 /* YHPLineLayout.h */,
				B89513551E8D4FA10056FD48 /* YHPLineLayout.m */,
				B89513241E8D48830056FD48 /* AppDelegate.h */,
				B89513251E8D48830056FD48 /* AppDelegate.m */,
				B89513271E8D48830056FD48 /* ViewController.h */,
				B89513281E8D48830056FD48 /* ViewController.m */,
				B895132A1E8D48830056FD48 /* Main.storyboard */,
				B806CDB91E95392E00250B8F /* YHPPhotoCell.h */,
				B806CDBA1E95392E00250B8F /* YHPPhotoCell.m */,
				B806CDBB1E95392E00250B8F /* YHPPhotoCell.xib */,
				B895132D1E8D48830056FD48 /* Assets.xcassets */,
				B895132F1E8D48830056FD48 /* LaunchScreen.storyboard */,
				B89513321E8D48830056FD48 /* Info.plist */,
				B89513211E8D48830056FD48 /* Supporting Files */,
			);
			path = "14-自定义布局";
			sourceTree = "<group>";
		};
		B89513211E8D48830056FD48 /* Supporting Files */ = {
			isa = PBXGroup;
			children = (
				B89513221E8D48830056FD48 /* main.m */,
			);
			name = "Supporting Files";
			sourceTree = "<group>";
		};
		B895133A1E8D48830056FD48 /* 14-自定义布局Tests */ = {
			isa = PBXGroup;
			children = (
				B895133B1E8D48830056FD48 /* _4______Tests.m */,
				B895133D1E8D48830056FD48 /* Info.plist */,
			);
			path = "14-自定义布局Tests";
			sourceTree = "<group>";
		};
		B89513451E8D48830056FD48 /* 14-自定义布局UITests */ = {
			isa = PBXGroup;
			children = (
				B89513461E8D48830056FD48 /* _4______UITests.m */,
				B89513481E8D48830056FD48 /* Info.plist */,
			);
			path = "14-自定义布局UITests";
			sourceTree = "<group>";
		};
/* End PBXGroup section */

/* Begin PBXNativeTarget section */
		B895131D1E8D48830056FD48 /* 14-自定义布局 */ = {
			isa = PBXNativeTarget;
			buildConfigurationList = B895134B1E8D48830056FD48 /* Build configuration list for PBXNativeTarget "14-自定义布局" */;
			buildPhases = (
				B895131A1E8D48830056FD48 /* Sources */,
				B895131B1E8D48830056FD48 /* Frameworks */,
				B895131C1E8D48830056FD48 /* Resources */,
			);
			buildRules = (
			);
			dependencies = (
			);
			name = "14-自定义布局";
			productName = "14-自定义布局";
			productReference = B895131E1E8D48830056FD48 /* 14-自定义布局.app */;
			productType = "com.apple.product-type.application";
		};
		B89513361E8D48830056FD48 /* 14-自定义布局Tests */ = {
			isa = PBXNativeTarget;
			buildConfigurationList = B895134E1E8D48830056FD48 /* Build configuration list for PBXNativeTarget "14-自定义布局Tests" */;
			buildPhases = (
				B89513331E8D48830056FD48 /* Sources */,
				B89513341E8D48830056FD48 /* Frameworks */,
				B89513351E8D48830056FD48 /* Resources */,
			);
			buildRules = (
			);
			dependencies = (
				B89513391E8D48830056FD48 /* PBXTargetDependency */,
			);
			name = "14-自定义布局Tests";
			productName = "14-自定义布局Tests";
			productReference = B89513371E8D48830056FD48 /* 14-自定义布局Tests.xctest */;
			productType = "com.apple.product-type.bundle.unit-test";
		};
		B89513411E8D48830056FD48 /* 14-自定义布局UITests */ = {
			isa = PBXNativeTarget;
			buildConfigurationList = B89513511E8D48830056FD48 /* Build configuration list for PBXNativeTarget "14-自定义布局UITests" */;
			buildPhases = (
				B895133E1E8D48830056FD48 /* Sources */,
				B895133F1E8D48830056FD48 /* Frameworks */,
				B89513401E8D48830056FD48 /* Resources */,
			);
			buildRules = (
			);
			dependencies = (
				B89513441E8D48830056FD48 /* PBXTargetDependency */,
			);
			name = "14-自定义布局UITests";
			productName = "14-自定义布局UITests";
			productReference = B89513421E8D48830056FD48 /* 14-自定义布局UITests.xctest */;
			productType = "com.apple.product-type.bundle.ui-testing";
		};
/* End PBXNativeTarget section */

/* Begin PBXProject section */
		B89513161E8D48830056FD48 /* Project object */ = {
			isa = PBXProject;
			attributes = {
				LastUpgradeCheck = 0820;
				ORGANIZATIONNAME = YouHuaPei;
				TargetAttributes = {
					B895131D1E8D48830056FD48 = {
						CreatedOnToolsVersion = 8.2.1;
						ProvisioningStyle = Automatic;
					};
					B89513361E8D48830056FD48 = {
						CreatedOnToolsVersion = 8.2.1;
						ProvisioningStyle = Automatic;
						TestTargetID = B895131D1E8D48830056FD48;
					};
					B89513411E8D48830056FD48 = {
						CreatedOnToolsVersion = 8.2.1;
						ProvisioningStyle = Automatic;
						TestTargetID = B895131D1E8D48830056FD48;
					};
				};
			};
			buildConfigurationList = B89513191E8D48830056FD48 /* Build configuration list for PBXProject "14-自定义布局" */;
			compatibilityVersion = "Xcode 3.2";
			developmentRegion = English;
			hasScannedForEncodings = 0;
			knownRegions = (
				en,
				Base,
			);
			mainGroup = B89513151E8D48830056FD48;
			productRefGroup = B895131F1E8D48830056FD48 /* Products */;
			projectDirPath = "";
			projectRoot = "";
			targets = (
				B895131D1E8D48830056FD48 /* 14-自定义布局 */,
				B89513361E8D48830056FD48 /* 14-自定义布局Tests */,
				B89513411E8D48830056FD48 /* 14-自定义布局UITests */,
			);
		};
/* End PBXProject section */

/* Begin PBXResourcesBuildPhase section */
		B895131C1E8D48830056FD48 /* Resources */ = {
			isa = PBXResourcesBuildPhase;
			buildActionMask = 2147483647;
			files = (
				B806CDBD1E95392E00250B8F /* YHPPhotoCell.xib in Resources */,
				B89513311E8D48830056FD48 /* LaunchScreen.storyboard in Resources */,
				B895132E1E8D48830056FD48 /* Assets.xcassets in Resources */,
				B895132C1E8D48830056FD48 /* Main.storyboard in Resources */,
			);
			runOnlyForDeploymentPostprocessing = 0;
		};
		B89513351E8D48830056FD48 /* Resources */ = {
			isa = PBXResourcesBuildPhase;
			buildActionMask = 2147483647;
			files = (
			);
			runOnlyForDeploymentPostprocessing = 0;
		};
		B89513401E8D48830056FD48 /* Resources */ = {
			isa = PBXResourcesBuildPhase;
			buildActionMask = 2147483647;
			files = (
			);
			runOnlyForDeploymentPostprocessing = 0;
		};
/* End PBXResourcesBuildPhase section */

/* Begin PBXSourcesBuildPhase section */
		B895131A1E8D48830056FD48 /* Sources */ = {
			isa = PBXSourcesBuildPhase;
			buildActionMask = 2147483647;
			files = (
				B806CDBC1E95392E00250B8F /* YHPPhotoCell.m in Sources */,
				B89513291E8D48830056FD48 /* ViewController.m in Sources */,
				B89513561E8D4FA10056FD48 /* YHPLineLayout.m in Sources */,
				B89513261E8D48830056FD48 /* AppDelegate.m in Sources */,
				B89513231E8D48830056FD48 /* main.m in Sources */,
			);
			runOnlyForDeploymentPostprocessing = 0;
		};
		B89513331E8D48830056FD48 /* Sources */ = {
			isa = PBXSourcesBuildPhase;
			buildActionMask = 2147483647;
			files = (
				B895133C1E8D48830056FD48 /* _4______Tests.m in Sources */,
			);
			runOnlyForDeploymentPostprocessing = 0;
		};
		B895133E1E8D48830056FD48 /* Sources */ = {
			isa = PBXSourcesBuildPhase;
			buildActionMask = 2147483647;
			files = (
				B89513471E8D48830056FD48 /* _4______UITests.m in Sources */,
			);
			runOnlyForDeploymentPostprocessing = 0;
		};
/* End PBXSourcesBuildPhase section */

/* Begin PBXTargetDependency section */
		B89513391E8D48830056FD48 /* PBXTargetDependency */ = {
			isa = PBXTargetDependency;
			target = B895131D1E8D48830056FD48 /* 14-自定义布局 */;
			targetProxy = B89513381E8D48830056FD48 /* PBXContainerItemProxy */;
		};
		B89513441E8D48830056FD48 /* PBXTargetDependency */ = {
			isa = PBXTargetDependency;
			target = B895131D1E8D48830056FD48 /* 14-自定义布局 */;
			targetProxy = B89513431E8D48830056FD48 /* PBXContainerItemProxy */;
		};
/* End PBXTargetDependency section */

/* Begin PBXVariantGroup section */
		B895132A1E8D48830056FD48 /* Main.storyboard */ = {
			isa = PBXVariantGroup;
			children = (
				B895132B1E8D48830056FD48 /* Base */,
			);
			name = Main.storyboard;
			sourceTree = "<group>";
		};
		B895132F1E8D48830056FD48 /* LaunchScreen.storyboard */ = {
			isa = PBXVariantGroup;
			children = (
				B89513301E8D48830056FD48 /* Base */,
			);
			name = LaunchScreen.storyboard;
			sourceTree = "<group>";
		};
/* End PBXVariantGroup section */

/* Begin XCBuildConfiguration section */
		B89513491E8D48830056FD48 /* Debug */ = {
			isa = XCBuildConfiguration;
			buildSettings = {
				ALWAYS_SEARCH_USER_PATHS = NO;
				CLANG_ANALYZER_NONNULL = YES;
				CLANG_CXX_LANGUAGE_STANDARD = "gnu++0x";
				CLANG_CXX_LIBRARY = "libc++";
				CLANG_ENABLE_MODULES = YES;
				CLANG_ENABLE_OBJC_ARC = YES;
				CLANG_WARN_BOOL_CONVERSION = YES;
				CLANG_WARN_CONSTANT_CONVERSION = YES;
				CLANG_WARN_DIRECT_OBJC_ISA_USAGE = YES_ERROR;
				CLANG_WARN_DOCUMENTATION_COMMENTS = YES;
				CLANG_WARN_EMPTY_BODY = YES;
				CLANG_WARN_ENUM_CONVERSION = YES;
				CLANG_WARN_INFINITE_RECURSION = YES;
				CLANG_WARN_INT_CONVERSION = YES;
				CLANG_WARN_OBJC_ROOT_CLASS = YES_ERROR;
				CLANG_WARN_SUSPICIOUS_MOVE = YES;
				CLANG_WARN_UNREACHABLE_CODE = YES;
				CLANG_WARN__DUPLICATE_METHOD_MATCH = YES;
				"CODE_SIGN_IDENTITY[sdk=iphoneos*]" = "iPhone Developer";
				COPY_PHASE_STRIP = NO;
				DEBUG_INFORMATION_FORMAT = dwarf;
				ENABLE_STRICT_OBJC_MSGSEND = YES;
				ENABLE_TESTABILITY = YES;
				GCC_C_LANGUAGE_STANDARD = gnu99;
				GCC_DYNAMIC_NO_PIC = NO;
				GCC_NO_COMMON_BLOCKS = YES;
				GCC_OPTIMIZATION_LEVEL = 0;
				GCC_PREPROCESSOR_DEFINITIONS = (
					"DEBUG=1",
					"$(inherited)",
				);
				GCC_WARN_64_TO_32_BIT_CONVERSION = YES;
				GCC_WARN_ABOUT_RETURN_TYPE = YES_ERROR;
				GCC_WARN_UNDECLARED_SELECTOR = YES;
				GCC_WARN_UNINITIALIZED_AUTOS = YES_AGGRESSIVE;
				GCC_WARN_UNUSED_FUNCTION = YES;
				GCC_WARN_UNUSED_VARIABLE = YES;
				IPHONEOS_DEPLOYMENT_TARGET = 10.2;
				MTL_ENABLE_DEBUG_INFO = YES;
				ONLY_ACTIVE_ARCH = YES;
				SDKROOT = iphoneos;
				TARGETED_DEVICE_FAMILY = "1,2";
			};
			name = Debug;
		};
		B895134A1E8D48830056FD48 /* Release */ = {
			isa = XCBuildConfiguration;
			buildSettings = {
				ALWAYS_SEARCH_USER_PATHS = NO;
				CLANG_ANALYZER_NONNULL = YES;
				CLANG_CXX_LANGUAGE_STANDARD = "gnu++0x";
				CLANG_CXX_LIBRARY = "libc++";
				CLANG_ENABLE_MODULES = YES;
				CLANG_ENABLE_OBJC_ARC = YES;
				CLANG_WARN_BOOL_CONVERSION = YES;
				CLANG_WARN_CONSTANT_CONVERSION = YES;
				CLANG_WARN_DIRECT_OBJC_ISA_USAGE = YES_ERROR;
				CLANG_WARN_DOCUMENTATION_COMMENTS = YES;
				CLANG_WARN_EMPTY_BODY = YES;
				CLANG_WARN_ENUM_CONVERSION = YES;
				CLANG_WARN_INFINITE_RECURSION = YES;
				CLANG_WARN_INT_CONVERSION = YES;
				CLANG_WARN_OBJC_ROOT_CLASS = YES_ERROR;
				CLANG_WARN_SUSPICIOUS_MOVE = YES;
				CLANG_WARN_UNREACHABLE_CODE = YES;
				CLANG_WARN__DUPLICATE_METHOD_MATCH = YES;
				"CODE_SIGN_IDENTITY[sdk=iphoneos*]" = "iPhone Developer";
				COPY_PHASE_STRIP = NO;
				DEBUG_INFORMATION_FORMAT = "dwarf-with-dsym";
				ENABLE_NS_ASSERTIONS = NO;
				ENABLE_STRICT_OBJC_MSGSEND = YES;
				GCC_C_LANGUAGE_STANDARD = gnu99;
				GCC_NO_COMMON_BLOCKS = YES;
				GCC_WARN_64_TO_32_BIT_CONVERSION = YES;
				GCC_WARN_ABOUT_RETURN_TYPE = YES_ERROR;
				GCC_WARN_UNDECLARED_SELECTOR = YES;
				GCC_WARN_UNINITIALIZED_AUTOS = YES_AGGRESSIVE;
				GCC_WARN_UNUSED_FUNCTION = YES;
				GCC_WARN_UNUSED_VARIABLE = YES;
				IPHONEOS_DEPLOYMENT_TARGET = 10.2;
				MTL_ENABLE_DEBUG_INFO = NO;
				SDKROOT = iphoneos;
				TARGETED_DEVICE_FAMILY = "1,2";
				VALIDATE_PRODUCT = YES;
			};
			name = Release;
		};
		B895134C1E8D48830056FD48 /* Debug */ = {
			isa = XCBuildConfiguration;
			buildSettings = {
				ASSETCATALOG_COMPILER_APPICON_NAME = AppIcon;
				INFOPLIST_FILE = "14-自定义布局/Info.plist";
				LD_RUNPATH_SEARCH_PATHS = "$(inherited) @executable_path/Frameworks";
				PRODUCT_BUNDLE_IDENTIFIER = "mark.-4------";
				PRODUCT_NAME = "$(TARGET_NAME)";
			};
			name = Debug;
		};
		B895134D1E8D48830056FD48 /* Release */ = {
			isa = XCBuildConfiguration;
			buildSettings = {
				ASSETCATALOG_COMPILER_APPICON_NAME = AppIcon;
				INFOPLIST_FILE = "14-自定义布局/Info.plist";
				LD_RUNPATH_SEARCH_PATHS = "$(inherited) @executable_path/Frameworks";
				PRODUCT_BUNDLE_IDENTIFIER = "mark.-4------";
				PRODUCT_NAME = "$(TARGET_NAME)";
			};
			name = Release;
		};
		B895134F1E8D48830056FD48 /* Debug */ = {
			isa = XCBuildConfiguration;
			buildSettings = {
				BUNDLE_LOADER = "$(TEST_HOST)";
				INFOPLIST_FILE = "14-自定义布局Tests/Info.plist";
				LD_RUNPATH_SEARCH_PATHS = "$(inherited) @executable_path/Frameworks @loader_path/Frameworks";
				PRODUCT_BUNDLE_IDENTIFIER = "mark.-4------Tests";
				PRODUCT_NAME = "$(TARGET_NAME)";
				TEST_HOST = "$(BUILT_PRODUCTS_DIR)/14-自定义布局.app/14-自定义布局";
			};
			name = Debug;
		};
		B89513501E8D48830056FD48 /* Release */ = {
			isa = XCBuildConfiguration;
			buildSettings = {
				BUNDLE_LOADER = "$(TEST_HOST)";
				INFOPLIST_FILE = "14-自定义布局Tests/Info.plist";
				LD_RUNPATH_SEARCH_PATHS = "$(inherited) @executable_path/Frameworks @loader_path/Frameworks";
				PRODUCT_BUNDLE_IDENTIFIER = "mark.-4------Tests";
				PRODUCT_NAME = "$(TARGET_NAME)";
				TEST_HOST = "$(BUILT_PRODUCTS_DIR)/14-自定义布局.app/14-自定义布局";
			};
			name = Release;
		};
		B89513521E8D48830056FD48 /* Debug */ = {
			isa = XCBuildConfiguration;
			buildSettings = {
				INFOPLIST_FILE = "14-自定义布局UITests/Info.plist";
				LD_RUNPATH_SEARCH_PATHS = "$(inherited) @executable_path/Frameworks @loader_path/Frameworks";
				PRODUCT_BUNDLE_IDENTIFIER = "mark.-4------UITests";
				PRODUCT_NAME = "$(TARGET_NAME)";
				TEST_TARGET_NAME = "14-自定义布局";
			};
			name = Debug;
		};
		B89513531E8D48830056FD48 /* Release */ = {
			isa = XCBuildConfiguration;
			buildSettings = {
				INFOPLIST_FILE = "14-自定义布局UITests/Info.plist";
				LD_RUNPATH_SEARCH_PATHS = "$(inherited) @executable_path/Frameworks @loader_path/Frameworks";
				PRODUCT_BUNDLE_IDENTIFIER = "mark.-4------UITests";
				PRODUCT_NAME = "$(TARGET_NAME)";
				TEST_TARGET_NAME = "14-自定义布局";
			};
			name = Release;
		};
/* End XCBuildConfiguration section */

/* Begin XCConfigurationList section */
		B89513191E8D48830056FD48 /* Build configuration list for PBXProject "14-自定义布局" */ = {
			isa = XCConfigurationList;
			buildConfigurations = (
				B89513491E8D48830056FD48 /* Debug */,
				B895134A1E8D48830056FD48 /* Release */,
			);
			defaultConfigurationIsVisible = 0;
			defaultConfigurationName = Release;
		};
		B895134B1E8D48830056FD48 /* Build configuration list for PBXNativeTarget "14-自定义布局" */ = {
			isa = XCConfigurationList;
			buildConfigurations = (
				B895134C1E8D48830056FD48 /* Debug */,
				B895134D1E8D48830056FD48 /* Release */,
			);
			defaultConfigurationIsVisible = 0;
			defaultConfigurationName = Release;
		};
		B895134E1E8D48830056FD48 /* Build configuration list for PBXNativeTarget "14-自定义布局Tests" */ = {
			isa = XCConfigurationList;
			buildConfigurations = (
				B895134F1E8D48830056FD48 /* Debug */,
				B89513501E8D48830056FD48 /* Release */,
			);
			defaultConfigurationIsVisible = 0;
			defaultConfigurationName = Release;
		};
		B89513511E8D48830056FD48 /* Build configuration list for PBXNativeTarget "14-自定义布局UITests" */ = {
			isa = XCConfigurationList;
			buildConfigurations = (
				B89513521E8D48830056FD48 /* Debug */,
				B89513531E8D48830056FD48 /* Release */,
			);
			defaultConfigurationIsVisible = 0;
			defaultConfigurationName = Release;
		};
/* End XCConfigurationList section */
	};
	rootObject = B89513161E8D48830056FD48 /* Project object */;
}
