// !$*UTF8*$!
{
	archiveVersion = 1;
	classes = {
	};
	objectVersion = 46;
	objects = {

/* Begin PBXBuildFile section */
		B89B62F91CAC196900C87F83 /* main.m in Sources */ = {isa = PBXBuildFile; fileRef = B89B62F81CAC196900C87F83 /* main.m */; };
		B89B62FC1CAC196900C87F83 /* AppDelegate.m in Sources */ = {isa = PBXBuildFile; fileRef = B89B62FB1CAC196900C87F83 /* AppDelegate.m */; };
		B89B62FF1CAC196900C87F83 /* ViewController.m in Sources */ = {isa = PBXBuildFile; fileRef = B89B62FE1CAC196900C87F83 /* ViewController.m */; };
		B89B63021CAC196900C87F83 /* Main.storyboard in Resources */ = {isa = PBXBuildFile; fileRef = B89B63001CAC196900C87F83 /* Main.storyboard */; };
		B89B63041CAC196900C87F83 /* Assets.xcassets in Resources */ = {isa = PBXBuildFile; fileRef = B89B63031CAC196900C87F83 /* Assets.xcassets */; };
		B89B63071CAC196900C87F83 /* LaunchScreen.storyboard in Resources */ = {isa = PBXBuildFile; fileRef = B89B63051CAC196900C87F83 /* LaunchScreen.storyboard */; };
		B89B63121CAC196900C87F83 /* _2_UIWindow___Tests.m in Sources */ = {isa = PBXBuildFile; fileRef = B89B63111CAC196900C87F83 /* _2_UIWindow___Tests.m */; };
		B89B631D1CAC196900C87F83 /* _2_UIWindow___UITests.m in Sources */ = {isa = PBXBuildFile; fileRef = B89B631C1CAC196900C87F83 /* _2_UIWindow___UITests.m */; };
/* End PBXBuildFile section */

/* Begin PBXContainerItemProxy section */
		B89B630E1CAC196900C87F83 /* PBXContainerItemProxy */ = {
			isa = PBXContainerItemProxy;
			containerPortal = B89B62EC1CAC196900C87F83 /* Project object */;
			proxyType = 1;
			remoteGlobalIDString = B89B62F31CAC196900C87F83;
			remoteInfo = "02-UIWindow-补充";
		};
		B89B63191CAC196900C87F83 /* PBXContainerItemProxy */ = {
			isa = PBXContainerItemProxy;
			containerPortal = B89B62EC1CAC196900C87F83 /* Project object */;
			proxyType = 1;
			remoteGlobalIDString = B89B62F31CAC196900C87F83;
			remoteInfo = "02-UIWindow-补充";
		};
/* End PBXContainerItemProxy section */

/* Begin PBXFileReference section */
		B89B62F41CAC196900C87F83 /* 02-UIWindow-补充.app */ = {isa = PBXFileReference; explicitFileType = wrapper.application; includeInIndex = 0; path = "02-UIWindow-补充.app"; sourceTree = BUILT_PRODUCTS_DIR; };
		B89B62F81CAC196900C87F83 /* main.m */ = {isa = PBXFileReference; lastKnownFileType = sourcecode.c.objc; path = main.m; sourceTree = "<group>"; };
		B89B62FA1CAC196900C87F83 /* AppDelegate.h */ = {isa = PBXFileReference; lastKnownFileType = sourcecode.c.h; path = AppDelegate.h; sourceTree = "<group>"; };
		B89B62FB1CAC196900C87F83 /* AppDelegate.m */ = {isa = PBXFileReference; lastKnownFileType = sourcecode.c.objc; path = AppDelegate.m; sourceTree = "<group>"; };
		B89B62FD1CAC196900C87F83 /* ViewController.h */ = {isa = PBXFileReference; lastKnownFileType = sourcecode.c.h; path = ViewController.h; sourceTree = "<group>"; };
		B89B62FE1CAC196900C87F83 /* ViewController.m */ = {isa = PBXFileReference; lastKnownFileType = sourcecode.c.objc; path = ViewController.m; sourceTree = "<group>"; };
		B89B63011CAC196900C87F83 /* Base */ = {isa = PBXFileReference; lastKnownFileType = file.storyboard; name = Base; path = Base.lproj/Main.storyboard; sourceTree = "<group>"; };
		B89B63031CAC196900C87F83 /* Assets.xcassets */ = {isa = PBXFileReference; lastKnownFileType = folder.assetcatalog; path = Assets.xcassets; sourceTree = "<group>"; };
		B89B63061CAC196900C87F83 /* Base */ = {isa = PBXFileReference; lastKnownFileType = file.storyboard; name = Base; path = Base.lproj/LaunchScreen.storyboard; sourceTree = "<group>"; };
		B89B63081CAC196900C87F83 /* Info.plist */ = {isa = PBXFileReference; lastKnownFileType = text.plist.xml; path = Info.plist; sourceTree = "<group>"; };
		B89B630D1CAC196900C87F83 /* 02-UIWindow-补充Tests.xctest */ = {isa = PBXFileReference; explicitFileType = wrapper.cfbundle; includeInIndex = 0; path = "02-UIWindow-补充Tests.xctest"; sourceTree = BUILT_PRODUCTS_DIR; };
		B89B63111CAC196900C87F83 /* _2_UIWindow___Tests.m */ = {isa = PBXFileReference; lastKnownFileType = sourcecode.c.objc; path = "_2_UIWindow___Tests.m"; sourceTree = "<group>"; };
		B89B63131CAC196900C87F83 /* Info.plist */ = {isa = PBXFileReference; lastKnownFileType = text.plist.xml; path = Info.plist; sourceTree = "<group>"; };
		B89B63181CAC196900C87F83 /* 02-UIWindow-补充UITests.xctest */ = {isa = PBXFileReference; explicitFileType = wrapper.cfbundle; includeInIndex = 0; path = "02-UIWindow-补充UITests.xctest"; sourceTree = BUILT_PRODUCTS_DIR; };
		B89B631C1CAC196900C87F83 /* _2_UIWindow___UITests.m */ = {isa = PBXFileReference; lastKnownFileType = sourcecode.c.objc; path = "_2_UIWindow___UITests.m"; sourceTree = "<group>"; };
		B89B631E1CAC196900C87F83 /* Info.plist */ = {isa = PBXFileReference; lastKnownFileType = text.plist.xml; path = Info.plist; sourceTree = "<group>"; };
/* End PBXFileReference section */

/* Begin PBXFrameworksBuildPhase section */
		B89B62F11CAC196900C87F83 /* Frameworks */ = {
			isa = PBXFrameworksBuildPhase;
			buildActionMask = 2147483647;
			files = (
			);
			runOnlyForDeploymentPostprocessing = 0;
		};
		B89B630A1CAC196900C87F83 /* Frameworks */ = {
			isa = PBXFrameworksBuildPhase;
			buildActionMask = 2147483647;
			files = (
			);
			runOnlyForDeploymentPostprocessing = 0;
		};
		B89B63151CAC196900C87F83 /* Frameworks */ = {
			isa = PBXFrameworksBuildPhase;
			buildActionMask = 2147483647;
			files = (
			);
			runOnlyForDeploymentPostprocessing = 0;
		};
/* End PBXFrameworksBuildPhase section */

/* Begin PBXGroup section */
		B89B62EB1CAC196900C87F83 = {
			isa = PBXGroup;
			children = (
				B89B62F61CAC196900C87F83 /* 02-UIWindow-补充 */,
				B89B63101CAC196900C87F83 /* 02-UIWindow-补充Tests */,
				B89B631B1CAC196900C87F83 /* 02-UIWindow-补充UITests */,
				B89B62F51CAC196900C87F83 /* Products */,
			);
			sourceTree = "<group>";
		};
		B89B62F51CAC196900C87F83 /* Products */ = {
			isa = PBXGroup;
			children = (
				B89B62F41CAC196900C87F83 /* 02-UIWindow-补充.app */,
				B89B630D1CAC196900C87F83 /* 02-UIWindow-补充Tests.xctest */,
				B89B63181CAC196900C87F83 /* 02-UIWindow-补充UITests.xctest */,
			);
			name = Products;
			sourceTree = "<group>";
		};
		B89B62F61CAC196900C87F83 /* 02-UIWindow-补充 */ = {
			isa = PBXGroup;
			children = (
				B89B62FA1CAC196900C87F83 /* AppDelegate.h */,
				B89B62FB1CAC196900C87F83 /* AppDelegate.m */,
				B89B62FD1CAC196900C87F83 /* ViewController.h */,
				B89B62FE1CAC196900C87F83 /* ViewController.m */,
				B89B63001CAC196900C87F83 /* Main.storyboard */,
				B89B63031CAC196900C87F83 /* Assets.xcassets */,
				B89B63051CAC196900C87F83 /* LaunchScreen.storyboard */,
				B89B63081CAC196900C87F83 /* Info.plist */,
				B89B62F71CAC196900C87F83 /* Supporting Files */,
			);
			path = "02-UIWindow-补充";
			sourceTree = "<group>";
		};
		B89B62F71CAC196900C87F83 /* Supporting Files */ = {
			isa = PBXGroup;
			children = (
				B89B62F81CAC196900C87F83 /* main.m */,
			);
			name = "Supporting Files";
			sourceTree = "<group>";
		};
		B89B63101CAC196900C87F83 /* 02-UIWindow-补充Tests */ = {
			isa = PBXGroup;
			children = (
				B89B63111CAC196900C87F83 /* _2_UIWindow___Tests.m */,
				B89B63131CAC196900C87F83 /* Info.plist */,
			);
			path = "02-UIWindow-补充Tests";
			sourceTree = "<group>";
		};
		B89B631B1CAC196900C87F83 /* 02-UIWindow-补充UITests */ = {
			isa = PBXGroup;
			children = (
				B89B631C1CAC196900C87F83 /* _2_UIWindow___UITests.m */,
				B89B631E1CAC196900C87F83 /* Info.plist */,
			);
			path = "02-UIWindow-补充UITests";
			sourceTree = "<group>";
		};
/* End PBXGroup section */

/* Begin PBXNativeTarget section */
		B89B62F31CAC196900C87F83 /* 02-UIWindow-补充 */ = {
			isa = PBXNativeTarget;
			buildConfigurationList = B89B63211CAC196900C87F83 /* Build configuration list for PBXNativeTarget "02-UIWindow-补充" */;
			buildPhases = (
				B89B62F01CAC196900C87F83 /* Sources */,
				B89B62F11CAC196900C87F83 /* Frameworks */,
				B89B62F21CAC196900C87F83 /* Resources */,
			);
			buildRules = (
			);
			dependencies = (
			);
			name = "02-UIWindow-补充";
			productName = "02-UIWindow-补充";
			productReference = B89B62F41CAC196900C87F83 /* 02-UIWindow-补充.app */;
			productType = "com.apple.product-type.application";
		};
		B89B630C1CAC196900C87F83 /* 02-UIWindow-补充Tests */ = {
			isa = PBXNativeTarget;
			buildConfigurationList = B89B63241CAC196900C87F83 /* Build configuration list for PBXNativeTarget "02-UIWindow-补充Tests" */;
			buildPhases = (
				B89B63091CAC196900C87F83 /* Sources */,
				B89B630A1CAC196900C87F83 /* Frameworks */,
				B89B630B1CAC196900C87F83 /* Resources */,
			);
			buildRules = (
			);
			dependencies = (
				B89B630F1CAC196900C87F83 /* PBXTargetDependency */,
			);
			name = "02-UIWindow-补充Tests";
			productName = "02-UIWindow-补充Tests";
			productReference = B89B630D1CAC196900C87F83 /* 02-UIWindow-补充Tests.xctest */;
			productType = "com.apple.product-type.bundle.unit-test";
		};
		B89B63171CAC196900C87F83 /* 02-UIWindow-补充UITests */ = {
			isa = PBXNativeTarget;
			buildConfigurationList = B89B63271CAC196900C87F83 /* Build configuration list for PBXNativeTarget "02-UIWindow-补充UITests" */;
			buildPhases = (
				B89B63141CAC196900C87F83 /* Sources */,
				B89B63151CAC196900C87F83 /* Frameworks */,
				B89B63161CAC196900C87F83 /* Resources */,
			);
			buildRules = (
			);
			dependencies = (
				B89B631A1CAC196900C87F83 /* PBXTargetDependency */,
			);
			name = "02-UIWindow-补充UITests";
			productName = "02-UIWindow-补充UITests";
			productReference = B89B63181CAC196900C87F83 /* 02-UIWindow-补充UITests.xctest */;
			productType = "com.apple.product-type.bundle.ui-testing";
		};
/* End PBXNativeTarget section */

/* Begin PBXProject section */
		B89B62EC1CAC196900C87F83 /* Project object */ = {
			isa = PBXProject;
			attributes = {
				CLASSPREFIX = YHP;
				LastUpgradeCheck = 0720;
				ORGANIZATIONNAME = YouHuaPei;
				TargetAttributes = {
					B89B62F31CAC196900C87F83 = {
						CreatedOnToolsVersion = 7.2.1;
						DevelopmentTeam = U9A585N65C;
					};
					B89B630C1CAC196900C87F83 = {
						CreatedOnToolsVersion = 7.2.1;
						DevelopmentTeam = U9A585N65C;
						TestTargetID = B89B62F31CAC196900C87F83;
					};
					B89B63171CAC196900C87F83 = {
						CreatedOnToolsVersion = 7.2.1;
						DevelopmentTeam = U9A585N65C;
						TestTargetID = B89B62F31CAC196900C87F83;
					};
				};
			};
			buildConfigurationList = B89B62EF1CAC196900C87F83 /* Build configuration list for PBXProject "02-UIWindow-补充" */;
			compatibilityVersion = "Xcode 3.2";
			developmentRegion = English;
			hasScannedForEncodings = 0;
			knownRegions = (
				en,
				Base,
			);
			mainGroup = B89B62EB1CAC196900C87F83;
			productRefGroup = B89B62F51CAC196900C87F83 /* Products */;
			projectDirPath = "";
			projectRoot = "";
			targets = (
				B89B62F31CAC196900C87F83 /* 02-UIWindow-补充 */,
				B89B630C1CAC196900C87F83 /* 02-UIWindow-补充Tests */,
				B89B63171CAC196900C87F83 /* 02-UIWindow-补充UITests */,
			);
		};
/* End PBXProject section */

/* Begin PBXResourcesBuildPhase section */
		B89B62F21CAC196900C87F83 /* Resources */ = {
			isa = PBXResourcesBuildPhase;
			buildActionMask = 2147483647;
			files = (
				B89B63071CAC196900C87F83 /* LaunchScreen.storyboard in Resources */,
				B89B63041CAC196900C87F83 /* Assets.xcassets in Resources */,
				B89B63021CAC196900C87F83 /* Main.storyboard in Resources */,
			);
			runOnlyForDeploymentPostprocessing = 0;
		};
		B89B630B1CAC196900C87F83 /* Resources */ = {
			isa = PBXResourcesBuildPhase;
			buildActionMask = 2147483647;
			files = (
			);
			runOnlyForDeploymentPostprocessing = 0;
		};
		B89B63161CAC196900C87F83 /* Resources */ = {
			isa = PBXResourcesBuildPhase;
			buildActionMask = 2147483647;
			files = (
			);
			runOnlyForDeploymentPostprocessing = 0;
		};
/* End PBXResourcesBuildPhase section */

/* Begin PBXSourcesBuildPhase section */
		B89B62F01CAC196900C87F83 /* Sources */ = {
			isa = PBXSourcesBuildPhase;
			buildActionMask = 2147483647;
			files = (
				B89B62FF1CAC196900C87F83 /* ViewController.m in Sources */,
				B89B62FC1CAC196900C87F83 /* AppDelegate.m in Sources */,
				B89B62F91CAC196900C87F83 /* main.m in Sources */,
			);
			runOnlyForDeploymentPostprocessing = 0;
		};
		B89B63091CAC196900C87F83 /* Sources */ = {
			isa = PBXSourcesBuildPhase;
			buildActionMask = 2147483647;
			files = (
				B89B63121CAC196900C87F83 /* _2_UIWindow___Tests.m in Sources */,
			);
			runOnlyForDeploymentPostprocessing = 0;
		};
		B89B63141CAC196900C87F83 /* Sources */ = {
			isa = PBXSourcesBuildPhase;
			buildActionMask = 2147483647;
			files = (
				B89B631D1CAC196900C87F83 /* _2_UIWindow___UITests.m in Sources */,
			);
			runOnlyForDeploymentPostprocessing = 0;
		};
/* End PBXSourcesBuildPhase section */

/* Begin PBXTargetDependency section */
		B89B630F1CAC196900C87F83 /* PBXTargetDependency */ = {
			isa = PBXTargetDependency;
			target = B89B62F31CAC196900C87F83 /* 02-UIWindow-补充 */;
			targetProxy = B89B630E1CAC196900C87F83 /* PBXContainerItemProxy */;
		};
		B89B631A1CAC196900C87F83 /* PBXTargetDependency */ = {
			isa = PBXTargetDependency;
			target = B89B62F31CAC196900C87F83 /* 02-UIWindow-补充 */;
			targetProxy = B89B63191CAC196900C87F83 /* PBXContainerItemProxy */;
		};
/* End PBXTargetDependency section */

/* Begin PBXVariantGroup section */
		B89B63001CAC196900C87F83 /* Main.storyboard */ = {
			isa = PBXVariantGroup;
			children = (
				B89B63011CAC196900C87F83 /* Base */,
			);
			name = Main.storyboard;
			sourceTree = "<group>";
		};
		B89B63051CAC196900C87F83 /* LaunchScreen.storyboard */ = {
			isa = PBXVariantGroup;
			children = (
				B89B63061CAC196900C87F83 /* Base */,
			);
			name = LaunchScreen.storyboard;
			sourceTree = "<group>";
		};
/* End PBXVariantGroup section */

/* Begin XCBuildConfiguration section */
		B89B631F1CAC196900C87F83 /* Debug */ = {
			isa = XCBuildConfiguration;
			buildSettings = {
				ALWAYS_SEARCH_USER_PATHS = NO;
				CLANG_CXX_LANGUAGE_STANDARD = "gnu++0x";
				CLANG_CXX_LIBRARY = "libc++";
				CLANG_ENABLE_MODULES = YES;
				CLANG_ENABLE_OBJC_ARC = YES;
				CLANG_WARN_BOOL_CONVERSION = YES;
				CLANG_WARN_CONSTANT_CONVERSION = YES;
				CLANG_WARN_DIRECT_OBJC_ISA_USAGE = YES_ERROR;
				CLANG_WARN_EMPTY_BODY = YES;
				CLANG_WARN_ENUM_CONVERSION = YES;
				CLANG_WARN_INT_CONVERSION = YES;
				CLANG_WARN_OBJC_ROOT_CLASS = YES_ERROR;
				CLANG_WARN_UNREACHABLE_CODE = YES;
				CLANG_WARN__DUPLICATE_METHOD_MATCH = YES;
				"CODE_SIGN_IDENTITY[sdk=iphoneos*]" = "iPhone Developer";
				COPY_PHASE_STRIP = NO;
				DEBUG_INFORMATION_FORMAT = dwarf;
				ENABLE_STRICT_OBJC_MSGSEND = YES;
				ENABLE_TESTABILITY = YES;
				GCC_C_LANGUAGE_STANDARD = gnu99;
				GCC_DYNAMIC_NO_PIC = NO;
				GCC_NO_COMMON_BLOCKS = YES;
				GCC_OPTIMIZATION_LEVEL = 0;
				GCC_PREPROCESSOR_DEFINITIONS = (
					"DEBUG=1",
					"$(inherited)",
				);
				GCC_WARN_64_TO_32_BIT_CONVERSION = YES;
				GCC_WARN_ABOUT_RETURN_TYPE = YES_ERROR;
				GCC_WARN_UNDECLARED_SELECTOR = YES;
				GCC_WARN_UNINITIALIZED_AUTOS = YES_AGGRESSIVE;
				GCC_WARN_UNUSED_FUNCTION = YES;
				GCC_WARN_UNUSED_VARIABLE = YES;
				IPHONEOS_DEPLOYMENT_TARGET = 9.2;
				MTL_ENABLE_DEBUG_INFO = YES;
				ONLY_ACTIVE_ARCH = YES;
				SDKROOT = iphoneos;
				TARGETED_DEVICE_FAMILY = "1,2";
			};
			name = Debug;
		};
		B89B63201CAC196900C87F83 /* Release */ = {
			isa = XCBuildConfiguration;
			buildSettings = {
				ALWAYS_SEARCH_USER_PATHS = NO;
				CLANG_CXX_LANGUAGE_STANDARD = "gnu++0x";
				CLANG_CXX_LIBRARY = "libc++";
				CLANG_ENABLE_MODULES = YES;
				CLANG_ENABLE_OBJC_ARC = YES;
				CLANG_WARN_BOOL_CONVERSION = YES;
				CLANG_WARN_CONSTANT_CONVERSION = YES;
				CLANG_WARN_DIRECT_OBJC_ISA_USAGE = YES_ERROR;
				CLANG_WARN_EMPTY_BODY = YES;
				CLANG_WARN_ENUM_CONVERSION = YES;
				CLANG_WARN_INT_CONVERSION = YES;
				CLANG_WARN_OBJC_ROOT_CLASS = YES_ERROR;
				CLANG_WARN_UNREACHABLE_CODE = YES;
				CLANG_WARN__DUPLICATE_METHOD_MATCH = YES;
				"CODE_SIGN_IDENTITY[sdk=iphoneos*]" = "iPhone Developer";
				COPY_PHASE_STRIP = NO;
				DEBUG_INFORMATION_FORMAT = "dwarf-with-dsym";
				ENABLE_NS_ASSERTIONS = NO;
				ENABLE_STRICT_OBJC_MSGSEND = YES;
				GCC_C_LANGUAGE_STANDARD = gnu99;
				GCC_NO_COMMON_BLOCKS = YES;
				GCC_WARN_64_TO_32_BIT_CONVERSION = YES;
				GCC_WARN_ABOUT_RETURN_TYPE = YES_ERROR;
				GCC_WARN_UNDECLARED_SELECTOR = YES;
				GCC_WARN_UNINITIALIZED_AUTOS = YES_AGGRESSIVE;
				GCC_WARN_UNUSED_FUNCTION = YES;
				GCC_WARN_UNUSED_VARIABLE = YES;
				IPHONEOS_DEPLOYMENT_TARGET = 9.2;
				MTL_ENABLE_DEBUG_INFO = NO;
				SDKROOT = iphoneos;
				TARGETED_DEVICE_FAMILY = "1,2";
				VALIDATE_PRODUCT = YES;
			};
			name = Release;
		};
		B89B63221CAC196900C87F83 /* Debug */ = {
			isa = XCBuildConfiguration;
			buildSettings = {
				ASSETCATALOG_COMPILER_APPICON_NAME = AppIcon;
				INFOPLIST_FILE = "02-UIWindow-补充/Info.plist";
				LD_RUNPATH_SEARCH_PATHS = "$(inherited) @executable_path/Frameworks";
				PRODUCT_BUNDLE_IDENTIFIER = "mark.-2-UIWindow---";
				PRODUCT_NAME = "$(TARGET_NAME)";
			};
			name = Debug;
		};
		B89B63231CAC196900C87F83 /* Release */ = {
			isa = XCBuildConfiguration;
			buildSettings = {
				ASSETCATALOG_COMPILER_APPICON_NAME = AppIcon;
				INFOPLIST_FILE = "02-UIWindow-补充/Info.plist";
				LD_RUNPATH_SEARCH_PATHS = "$(inherited) @executable_path/Frameworks";
				PRODUCT_BUNDLE_IDENTIFIER = "mark.-2-UIWindow---";
				PRODUCT_NAME = "$(TARGET_NAME)";
			};
			name = Release;
		};
		B89B63251CAC196900C87F83 /* Debug */ = {
			isa = XCBuildConfiguration;
			buildSettings = {
				BUNDLE_LOADER = "$(TEST_HOST)";
				INFOPLIST_FILE = "02-UIWindow-补充Tests/Info.plist";
				LD_RUNPATH_SEARCH_PATHS = "$(inherited) @executable_path/Frameworks @loader_path/Frameworks";
				PRODUCT_BUNDLE_IDENTIFIER = "mark.-2-UIWindow---Tests";
				PRODUCT_NAME = "$(TARGET_NAME)";
				TEST_HOST = "$(BUILT_PRODUCTS_DIR)/02-UIWindow-补充.app/02-UIWindow-补充";
			};
			name = Debug;
		};
		B89B63261CAC196900C87F83 /* Release */ = {
			isa = XCBuildConfiguration;
			buildSettings = {
				BUNDLE_LOADER = "$(TEST_HOST)";
				INFOPLIST_FILE = "02-UIWindow-补充Tests/Info.plist";
				LD_RUNPATH_SEARCH_PATHS = "$(inherited) @executable_path/Frameworks @loader_path/Frameworks";
				PRODUCT_BUNDLE_IDENTIFIER = "mark.-2-UIWindow---Tests";
				PRODUCT_NAME = "$(TARGET_NAME)";
				TEST_HOST = "$(BUILT_PRODUCTS_DIR)/02-UIWindow-补充.app/02-UIWindow-补充";
			};
			name = Release;
		};
		B89B63281CAC196900C87F83 /* Debug */ = {
			isa = XCBuildConfiguration;
			buildSettings = {
				INFOPLIST_FILE = "02-UIWindow-补充UITests/Info.plist";
				LD_RUNPATH_SEARCH_PATHS = "$(inherited) @executable_path/Frameworks @loader_path/Frameworks";
				PRODUCT_BUNDLE_IDENTIFIER = "mark.-2-UIWindow---UITests";
				PRODUCT_NAME = "$(TARGET_NAME)";
				TEST_TARGET_NAME = "02-UIWindow-补充";
				USES_XCTRUNNER = YES;
			};
			name = Debug;
		};
		B89B63291CAC196900C87F83 /* Release */ = {
			isa = XCBuildConfiguration;
			buildSettings = {
				INFOPLIST_FILE = "02-UIWindow-补充UITests/Info.plist";
				LD_RUNPATH_SEARCH_PATHS = "$(inherited) @executable_path/Frameworks @loader_path/Frameworks";
				PRODUCT_BUNDLE_IDENTIFIER = "mark.-2-UIWindow---UITests";
				PRODUCT_NAME = "$(TARGET_NAME)";
				TEST_TARGET_NAME = "02-UIWindow-补充";
				USES_XCTRUNNER = YES;
			};
			name = Release;
		};
/* End XCBuildConfiguration section */

/* Begin XCConfigurationList section */
		B89B62EF1CAC196900C87F83 /* Build configuration list for PBXProject "02-UIWindow-补充" */ = {
			isa = XCConfigurationList;
			buildConfigurations = (
				B89B631F1CAC196900C87F83 /* Debug */,
				B89B63201CAC196900C87F83 /* Release */,
			);
			defaultConfigurationIsVisible = 0;
			defaultConfigurationName = Release;
		};
		B89B63211CAC196900C87F83 /* Build configuration list for PBXNativeTarget "02-UIWindow-补充" */ = {
			isa = XCConfigurationList;
			buildConfigurations = (
				B89B63221CAC196900C87F83 /* Debug */,
				B89B63231CAC196900C87F83 /* Release */,
			);
			defaultConfigurationIsVisible = 0;
		};
		B89B63241CAC196900C87F83 /* Build configuration list for PBXNativeTarget "02-UIWindow-补充Tests" */ = {
			isa = XCConfigurationList;
			buildConfigurations = (
				B89B63251CAC196900C87F83 /* Debug */,
				B89B63261CAC196900C87F83 /* Release */,
			);
			defaultConfigurationIsVisible = 0;
		};
		B89B63271CAC196900C87F83 /* Build configuration list for PBXNativeTarget "02-UIWindow-补充UITests" */ = {
			isa = XCConfigurationList;
			buildConfigurations = (
				B89B63281CAC196900C87F83 /* Debug */,
				B89B63291CAC196900C87F83 /* Release */,
			);
			defaultConfigurationIsVisible = 0;
		};
/* End XCConfigurationList section */
	};
	rootObject = B89B62EC1CAC196900C87F83 /* Project object */;
}
