// !$*UTF8*$!
{
	archiveVersion = 1;
	classes = {
	};
	objectVersion = 46;
	objects = {

/* Begin PBXBuildFile section */
		B815E0941E9BD8E000B6B80B /* main.m in Sources */ = {isa = PBXBuildFile; fileRef = B815E0931E9BD8E000B6B80B /* main.m */; };
		B815E0971E9BD8E000B6B80B /* AppDelegate.m in Sources */ = {isa = PBXBuildFile; fileRef = B815E0961E9BD8E000B6B80B /* AppDelegate.m */; };
		B815E09A1E9BD8E000B6B80B /* ViewController.m in Sources */ = {isa = PBXBuildFile; fileRef = B815E0991E9BD8E000B6B80B /* ViewController.m */; };
		B815E09D1E9BD8E000B6B80B /* Main.storyboard in Resources */ = {isa = PBXBuildFile; fileRef = B815E09B1E9BD8E000B6B80B /* Main.storyboard */; };
		B815E09F1E9BD8E000B6B80B /* Assets.xcassets in Resources */ = {isa = PBXBuildFile; fileRef = B815E09E1E9BD8E000B6B80B /* Assets.xcassets */; };
		B815E0A21E9BD8E000B6B80B /* LaunchScreen.storyboard in Resources */ = {isa = PBXBuildFile; fileRef = B815E0A01E9BD8E000B6B80B /* LaunchScreen.storyboard */; };
		B815E0AD1E9BD8E100B6B80B /* _5____Tests.m in Sources */ = {isa = PBXBuildFile; fileRef = B815E0AC1E9BD8E100B6B80B /* _5____Tests.m */; };
		B815E0B81E9BD8E100B6B80B /* _5____UITests.m in Sources */ = {isa = PBXBuildFile; fileRef = B815E0B71E9BD8E100B6B80B /* _5____UITests.m */; };
		B815E0C71E9BD92E00B6B80B /* YHPWaterflowLayout.m in Sources */ = {isa = PBXBuildFile; fileRef = B815E0C61E9BD92E00B6B80B /* YHPWaterflowLayout.m */; };
/* End PBXBuildFile section */

/* Begin PBXContainerItemProxy section */
		B815E0A91E9BD8E000B6B80B /* PBXContainerItemProxy */ = {
			isa = PBXContainerItemProxy;
			containerPortal = B815E0871E9BD8E000B6B80B /* Project object */;
			proxyType = 1;
			remoteGlobalIDString = B815E08E1E9BD8E000B6B80B;
			remoteInfo = "15-瀑布流";
		};
		B815E0B41E9BD8E100B6B80B /* PBXContainerItemProxy */ = {
			isa = PBXContainerItemProxy;
			containerPortal = B815E0871E9BD8E000B6B80B /* Project object */;
			proxyType = 1;
			remoteGlobalIDString = B815E08E1E9BD8E000B6B80B;
			remoteInfo = "15-瀑布流";
		};
/* End PBXContainerItemProxy section */

/* Begin PBXFileReference section */
		B815E08F1E9BD8E000B6B80B /* 15-瀑布流.app */ = {isa = PBXFileReference; explicitFileType = wrapper.application; includeInIndex = 0; path = "15-瀑布流.app"; sourceTree = BUILT_PRODUCTS_DIR; };
		B815E0931E9BD8E000B6B80B /* main.m */ = {isa = PBXFileReference; lastKnownFileType = sourcecode.c.objc; path = main.m; sourceTree = "<group>"; };
		B815E0951E9BD8E000B6B80B /* AppDelegate.h */ = {isa = PBXFileReference; lastKnownFileType = sourcecode.c.h; path = AppDelegate.h; sourceTree = "<group>"; };
		B815E0961E9BD8E000B6B80B /* AppDelegate.m */ = {isa = PBXFileReference; lastKnownFileType = sourcecode.c.objc; path = AppDelegate.m; sourceTree = "<group>"; };
		B815E0981E9BD8E000B6B80B /* ViewController.h */ = {isa = PBXFileReference; lastKnownFileType = sourcecode.c.h; path = ViewController.h; sourceTree = "<group>"; };
		B815E0991E9BD8E000B6B80B /* ViewController.m */ = {isa = PBXFileReference; lastKnownFileType = sourcecode.c.objc; path = ViewController.m; sourceTree = "<group>"; };
		B815E09C1E9BD8E000B6B80B /* Base */ = {isa = PBXFileReference; lastKnownFileType = file.storyboard; name = Base; path = Base.lproj/Main.storyboard; sourceTree = "<group>"; };
		B815E09E1E9BD8E000B6B80B /* Assets.xcassets */ = {isa = PBXFileReference; lastKnownFileType = folder.assetcatalog; path = Assets.xcassets; sourceTree = "<group>"; };
		B815E0A11E9BD8E000B6B80B /* Base */ = {isa = PBXFileReference; lastKnownFileType = file.storyboard; name = Base; path = Base.lproj/LaunchScreen.storyboard; sourceTree = "<group>"; };
		B815E0A31E9BD8E000B6B80B /* Info.plist */ = {isa = PBXFileReference; lastKnownFileType = text.plist.xml; path = Info.plist; sourceTree = "<group>"; };
		B815E0A81E9BD8E000B6B80B /* 15-瀑布流Tests.xctest */ = {isa = PBXFileReference; explicitFileType = wrapper.cfbundle; includeInIndex = 0; path = "15-瀑布流Tests.xctest"; sourceTree = BUILT_PRODUCTS_DIR; };
		B815E0AC1E9BD8E100B6B80B /* _5____Tests.m */ = {isa = PBXFileReference; lastKnownFileType = sourcecode.c.objc; path = "_5____Tests.m"; sourceTree = "<group>"; };
		B815E0AE1E9BD8E100B6B80B /* Info.plist */ = {isa = PBXFileReference; lastKnownFileType = text.plist.xml; path = Info.plist; sourceTree = "<group>"; };
		B815E0B31E9BD8E100B6B80B /* 15-瀑布流UITests.xctest */ = {isa = PBXFileReference; explicitFileType = wrapper.cfbundle; includeInIndex = 0; path = "15-瀑布流UITests.xctest"; sourceTree = BUILT_PRODUCTS_DIR; };
		B815E0B71E9BD8E100B6B80B /* _5____UITests.m */ = {isa = PBXFileReference; lastKnownFileType = sourcecode.c.objc; path = "_5____UITests.m"; sourceTree = "<group>"; };
		B815E0B91E9BD8E100B6B80B /* Info.plist */ = {isa = PBXFileReference; lastKnownFileType = text.plist.xml; path = Info.plist; sourceTree = "<group>"; };
		B815E0C51E9BD92E00B6B80B /* YHPWaterflowLayout.h */ = {isa = PBXFileReference; fileEncoding = 4; lastKnownFileType = sourcecode.c.h; path = YHPWaterflowLayout.h; sourceTree = "<group>"; };
		B815E0C61E9BD92E00B6B80B /* YHPWaterflowLayout.m */ = {isa = PBXFileReference; fileEncoding = 4; lastKnownFileType = sourcecode.c.objc; path = YHPWaterflowLayout.m; sourceTree = "<group>"; };
/* End PBXFileReference section */

/* Begin PBXFrameworksBuildPhase section */
		B815E08C1E9BD8E000B6B80B /* Frameworks */ = {
			isa = PBXFrameworksBuildPhase;
			buildActionMask = 2147483647;
			files = (
			);
			runOnlyForDeploymentPostprocessing = 0;
		};
		B815E0A51E9BD8E000B6B80B /* Frameworks */ = {
			isa = PBXFrameworksBuildPhase;
			buildActionMask = 2147483647;
			files = (
			);
			runOnlyForDeploymentPostprocessing = 0;
		};
		B815E0B01E9BD8E100B6B80B /* Frameworks */ = {
			isa = PBXFrameworksBuildPhase;
			buildActionMask = 2147483647;
			files = (
			);
			runOnlyForDeploymentPostprocessing = 0;
		};
/* End PBXFrameworksBuildPhase section */

/* Begin PBXGroup section */
		B815E0861E9BD8E000B6B80B = {
			isa = PBXGroup;
			children = (
				B815E0911E9BD8E000B6B80B /* 15-瀑布流 */,
				B815E0AB1E9BD8E100B6B80B /* 15-瀑布流Tests */,
				B815E0B61E9BD8E100B6B80B /* 15-瀑布流UITests */,
				B815E0901E9BD8E000B6B80B /* Products */,
			);
			sourceTree = "<group>";
		};
		B815E0901E9BD8E000B6B80B /* Products */ = {
			isa = PBXGroup;
			children = (
				B815E08F1E9BD8E000B6B80B /* 15-瀑布流.app */,
				B815E0A81E9BD8E000B6B80B /* 15-瀑布流Tests.xctest */,
				B815E0B31E9BD8E100B6B80B /* 15-瀑布流UITests.xctest */,
			);
			name = Products;
			sourceTree = "<group>";
		};
		B815E0911E9BD8E000B6B80B /* 15-瀑布流 */ = {
			isa = PBXGroup;
			children = (
				B815E0951E9BD8E000B6B80B /* AppDelegate.h */,
				B815E0961E9BD8E000B6B80B /* AppDelegate.m */,
				B815E0981E9BD8E000B6B80B /* ViewController.h */,
				B815E0991E9BD8E000B6B80B /* ViewController.m */,
				B815E0C51E9BD92E00B6B80B /* YHPWaterflowLayout.h */,
				B815E0C61E9BD92E00B6B80B /* YHPWaterflowLayout.m */,
				B815E09B1E9BD8E000B6B80B /* Main.storyboard */,
				B815E09E1E9BD8E000B6B80B /* Assets.xcassets */,
				B815E0A01E9BD8E000B6B80B /* LaunchScreen.storyboard */,
				B815E0A31E9BD8E000B6B80B /* Info.plist */,
				B815E0921E9BD8E000B6B80B /* Supporting Files */,
			);
			path = "15-瀑布流";
			sourceTree = "<group>";
		};
		B815E0921E9BD8E000B6B80B /* Supporting Files */ = {
			isa = PBXGroup;
			children = (
				B815E0931E9BD8E000B6B80B /* main.m */,
			);
			name = "Supporting Files";
			sourceTree = "<group>";
		};
		B815E0AB1E9BD8E100B6B80B /* 15-瀑布流Tests */ = {
			isa = PBXGroup;
			children = (
				B815E0AC1E9BD8E100B6B80B /* _5____Tests.m */,
				B815E0AE1E9BD8E100B6B80B /* Info.plist */,
			);
			path = "15-瀑布流Tests";
			sourceTree = "<group>";
		};
		B815E0B61E9BD8E100B6B80B /* 15-瀑布流UITests */ = {
			isa = PBXGroup;
			children = (
				B815E0B71E9BD8E100B6B80B /* _5____UITests.m */,
				B815E0B91E9BD8E100B6B80B /* Info.plist */,
			);
			path = "15-瀑布流UITests";
			sourceTree = "<group>";
		};
/* End PBXGroup section */

/* Begin PBXNativeTarget section */
		B815E08E1E9BD8E000B6B80B /* 15-瀑布流 */ = {
			isa = PBXNativeTarget;
			buildConfigurationList = B815E0BC1E9BD8E100B6B80B /* Build configuration list for PBXNativeTarget "15-瀑布流" */;
			buildPhases = (
				B815E08B1E9BD8E000B6B80B /* Sources */,
				B815E08C1E9BD8E000B6B80B /* Frameworks */,
				B815E08D1E9BD8E000B6B80B /* Resources */,
			);
			buildRules = (
			);
			dependencies = (
			);
			name = "15-瀑布流";
			productName = "15-瀑布流";
			productReference = B815E08F1E9BD8E000B6B80B /* 15-瀑布流.app */;
			productType = "com.apple.product-type.application";
		};
		B815E0A71E9BD8E000B6B80B /* 15-瀑布流Tests */ = {
			isa = PBXNativeTarget;
			buildConfigurationList = B815E0BF1E9BD8E100B6B80B /* Build configuration list for PBXNativeTarget "15-瀑布流Tests" */;
			buildPhases = (
				B815E0A41E9BD8E000B6B80B /* Sources */,
				B815E0A51E9BD8E000B6B80B /* Frameworks */,
				B815E0A61E9BD8E000B6B80B /* Resources */,
			);
			buildRules = (
			);
			dependencies = (
				B815E0AA1E9BD8E000B6B80B /* PBXTargetDependency */,
			);
			name = "15-瀑布流Tests";
			productName = "15-瀑布流Tests";
			productReference = B815E0A81E9BD8E000B6B80B /* 15-瀑布流Tests.xctest */;
			productType = "com.apple.product-type.bundle.unit-test";
		};
		B815E0B21E9BD8E100B6B80B /* 15-瀑布流UITests */ = {
			isa = PBXNativeTarget;
			buildConfigurationList = B815E0C21E9BD8E100B6B80B /* Build configuration list for PBXNativeTarget "15-瀑布流UITests" */;
			buildPhases = (
				B815E0AF1E9BD8E100B6B80B /* Sources */,
				B815E0B01E9BD8E100B6B80B /* Frameworks */,
				B815E0B11E9BD8E100B6B80B /* Resources */,
			);
			buildRules = (
			);
			dependencies = (
				B815E0B51E9BD8E100B6B80B /* PBXTargetDependency */,
			);
			name = "15-瀑布流UITests";
			productName = "15-瀑布流UITests";
			productReference = B815E0B31E9BD8E100B6B80B /* 15-瀑布流UITests.xctest */;
			productType = "com.apple.product-type.bundle.ui-testing";
		};
/* End PBXNativeTarget section */

/* Begin PBXProject section */
		B815E0871E9BD8E000B6B80B /* Project object */ = {
			isa = PBXProject;
			attributes = {
				CLASSPREFIX = YHP;
				LastUpgradeCheck = 0830;
				ORGANIZATIONNAME = YouHuaPei;
				TargetAttributes = {
					B815E08E1E9BD8E000B6B80B = {
						CreatedOnToolsVersion = 8.3;
						ProvisioningStyle = Automatic;
					};
					B815E0A71E9BD8E000B6B80B = {
						CreatedOnToolsVersion = 8.3;
						ProvisioningStyle = Automatic;
						TestTargetID = B815E08E1E9BD8E000B6B80B;
					};
					B815E0B21E9BD8E100B6B80B = {
						CreatedOnToolsVersion = 8.3;
						ProvisioningStyle = Automatic;
						TestTargetID = B815E08E1E9BD8E000B6B80B;
					};
				};
			};
			buildConfigurationList = B815E08A1E9BD8E000B6B80B /* Build configuration list for PBXProject "15-瀑布流" */;
			compatibilityVersion = "Xcode 3.2";
			developmentRegion = English;
			hasScannedForEncodings = 0;
			knownRegions = (
				en,
				Base,
			);
			mainGroup = B815E0861E9BD8E000B6B80B;
			productRefGroup = B815E0901E9BD8E000B6B80B /* Products */;
			projectDirPath = "";
			projectRoot = "";
			targets = (
				B815E08E1E9BD8E000B6B80B /* 15-瀑布流 */,
				B815E0A71E9BD8E000B6B80B /* 15-瀑布流Tests */,
				B815E0B21E9BD8E100B6B80B /* 15-瀑布流UITests */,
			);
		};
/* End PBXProject section */

/* Begin PBXResourcesBuildPhase section */
		B815E08D1E9BD8E000B6B80B /* Resources */ = {
			isa = PBXResourcesBuildPhase;
			buildActionMask = 2147483647;
			files = (
				B815E0A21E9BD8E000B6B80B /* LaunchScreen.storyboard in Resources */,
				B815E09F1E9BD8E000B6B80B /* Assets.xcassets in Resources */,
				B815E09D1E9BD8E000B6B80B /* Main.storyboard in Resources */,
			);
			runOnlyForDeploymentPostprocessing = 0;
		};
		B815E0A61E9BD8E000B6B80B /* Resources */ = {
			isa = PBXResourcesBuildPhase;
			buildActionMask = 2147483647;
			files = (
			);
			runOnlyForDeploymentPostprocessing = 0;
		};
		B815E0B11E9BD8E100B6B80B /* Resources */ = {
			isa = PBXResourcesBuildPhase;
			buildActionMask = 2147483647;
			files = (
			);
			runOnlyForDeploymentPostprocessing = 0;
		};
/* End PBXResourcesBuildPhase section */

/* Begin PBXSourcesBuildPhase section */
		B815E08B1E9BD8E000B6B80B /* Sources */ = {
			isa = PBXSourcesBuildPhase;
			buildActionMask = 2147483647;
			files = (
				B815E09A1E9BD8E000B6B80B /* ViewController.m in Sources */,
				B815E0C71E9BD92E00B6B80B /* YHPWaterflowLayout.m in Sources */,
				B815E0971E9BD8E000B6B80B /* AppDelegate.m in Sources */,
				B815E0941E9BD8E000B6B80B /* main.m in Sources */,
			);
			runOnlyForDeploymentPostprocessing = 0;
		};
		B815E0A41E9BD8E000B6B80B /* Sources */ = {
			isa = PBXSourcesBuildPhase;
			buildActionMask = 2147483647;
			files = (
				B815E0AD1E9BD8E100B6B80B /* _5____Tests.m in Sources */,
			);
			runOnlyForDeploymentPostprocessing = 0;
		};
		B815E0AF1E9BD8E100B6B80B /* Sources */ = {
			isa = PBXSourcesBuildPhase;
			buildActionMask = 2147483647;
			files = (
				B815E0B81E9BD8E100B6B80B /* _5____UITests.m in Sources */,
			);
			runOnlyForDeploymentPostprocessing = 0;
		};
/* End PBXSourcesBuildPhase section */

/* Begin PBXTargetDependency section */
		B815E0AA1E9BD8E000B6B80B /* PBXTargetDependency */ = {
			isa = PBXTargetDependency;
			target = B815E08E1E9BD8E000B6B80B /* 15-瀑布流 */;
			targetProxy = B815E0A91E9BD8E000B6B80B /* PBXContainerItemProxy */;
		};
		B815E0B51E9BD8E100B6B80B /* PBXTargetDependency */ = {
			isa = PBXTargetDependency;
			target = B815E08E1E9BD8E000B6B80B /* 15-瀑布流 */;
			targetProxy = B815E0B41E9BD8E100B6B80B /* PBXContainerItemProxy */;
		};
/* End PBXTargetDependency section */

/* Begin PBXVariantGroup section */
		B815E09B1E9BD8E000B6B80B /* Main.storyboard */ = {
			isa = PBXVariantGroup;
			children = (
				B815E09C1E9BD8E000B6B80B /* Base */,
			);
			name = Main.storyboard;
			sourceTree = "<group>";
		};
		B815E0A01E9BD8E000B6B80B /* LaunchScreen.storyboard */ = {
			isa = PBXVariantGroup;
			children = (
				B815E0A11E9BD8E000B6B80B /* Base */,
			);
			name = LaunchScreen.storyboard;
			sourceTree = "<group>";
		};
/* End PBXVariantGroup section */

/* Begin XCBuildConfiguration section */
		B815E0BA1E9BD8E100B6B80B /* Debug */ = {
			isa = XCBuildConfiguration;
			buildSettings = {
				ALWAYS_SEARCH_USER_PATHS = NO;
				CLANG_ANALYZER_NONNULL = YES;
				CLANG_ANALYZER_NUMBER_OBJECT_CONVERSION = YES_AGGRESSIVE;
				CLANG_CXX_LANGUAGE_STANDARD = "gnu++0x";
				CLANG_CXX_LIBRARY = "libc++";
				CLANG_ENABLE_MODULES = YES;
				CLANG_ENABLE_OBJC_ARC = YES;
				CLANG_WARN_BOOL_CONVERSION = YES;
				CLANG_WARN_CONSTANT_CONVERSION = YES;
				CLANG_WARN_DIRECT_OBJC_ISA_USAGE = YES_ERROR;
				CLANG_WARN_DOCUMENTATION_COMMENTS = YES;
				CLANG_WARN_EMPTY_BODY = YES;
				CLANG_WARN_ENUM_CONVERSION = YES;
				CLANG_WARN_INFINITE_RECURSION = YES;
				CLANG_WARN_INT_CONVERSION = YES;
				CLANG_WARN_OBJC_ROOT_CLASS = YES_ERROR;
				CLANG_WARN_SUSPICIOUS_MOVE = YES;
				CLANG_WARN_UNREACHABLE_CODE = YES;
				CLANG_WARN__DUPLICATE_METHOD_MATCH = YES;
				"CODE_SIGN_IDENTITY[sdk=iphoneos*]" = "iPhone Developer";
				COPY_PHASE_STRIP = NO;
				DEBUG_INFORMATION_FORMAT = dwarf;
				ENABLE_STRICT_OBJC_MSGSEND = YES;
				ENABLE_TESTABILITY = YES;
				GCC_C_LANGUAGE_STANDARD = gnu99;
				GCC_DYNAMIC_NO_PIC = NO;
				GCC_NO_COMMON_BLOCKS = YES;
				GCC_OPTIMIZATION_LEVEL = 0;
				GCC_PREPROCESSOR_DEFINITIONS = (
					"DEBUG=1",
					"$(inherited)",
				);
				GCC_WARN_64_TO_32_BIT_CONVERSION = YES;
				GCC_WARN_ABOUT_RETURN_TYPE = YES_ERROR;
				GCC_WARN_UNDECLARED_SELECTOR = YES;
				GCC_WARN_UNINITIALIZED_AUTOS = YES_AGGRESSIVE;
				GCC_WARN_UNUSED_FUNCTION = YES;
				GCC_WARN_UNUSED_VARIABLE = YES;
				IPHONEOS_DEPLOYMENT_TARGET = 10.3;
				MTL_ENABLE_DEBUG_INFO = YES;
				ONLY_ACTIVE_ARCH = YES;
				SDKROOT = iphoneos;
				TARGETED_DEVICE_FAMILY = "1,2";
			};
			name = Debug;
		};
		B815E0BB1E9BD8E100B6B80B /* Release */ = {
			isa = XCBuildConfiguration;
			buildSettings = {
				ALWAYS_SEARCH_USER_PATHS = NO;
				CLANG_ANALYZER_NONNULL = YES;
				CLANG_ANALYZER_NUMBER_OBJECT_CONVERSION = YES_AGGRESSIVE;
				CLANG_CXX_LANGUAGE_STANDARD = "gnu++0x";
				CLANG_CXX_LIBRARY = "libc++";
				CLANG_ENABLE_MODULES = YES;
				CLANG_ENABLE_OBJC_ARC = YES;
				CLANG_WARN_BOOL_CONVERSION = YES;
				CLANG_WARN_CONSTANT_CONVERSION = YES;
				CLANG_WARN_DIRECT_OBJC_ISA_USAGE = YES_ERROR;
				CLANG_WARN_DOCUMENTATION_COMMENTS = YES;
				CLANG_WARN_EMPTY_BODY = YES;
				CLANG_WARN_ENUM_CONVERSION = YES;
				CLANG_WARN_INFINITE_RECURSION = YES;
				CLANG_WARN_INT_CONVERSION = YES;
				CLANG_WARN_OBJC_ROOT_CLASS = YES_ERROR;
				CLANG_WARN_SUSPICIOUS_MOVE = YES;
				CLANG_WARN_UNREACHABLE_CODE = YES;
				CLANG_WARN__DUPLICATE_METHOD_MATCH = YES;
				"CODE_SIGN_IDENTITY[sdk=iphoneos*]" = "iPhone Developer";
				COPY_PHASE_STRIP = NO;
				DEBUG_INFORMATION_FORMAT = "dwarf-with-dsym";
				ENABLE_NS_ASSERTIONS = NO;
				ENABLE_STRICT_OBJC_MSGSEND = YES;
				GCC_C_LANGUAGE_STANDARD = gnu99;
				GCC_NO_COMMON_BLOCKS = YES;
				GCC_WARN_64_TO_32_BIT_CONVERSION = YES;
				GCC_WARN_ABOUT_RETURN_TYPE = YES_ERROR;
				GCC_WARN_UNDECLARED_SELECTOR = YES;
				GCC_WARN_UNINITIALIZED_AUTOS = YES_AGGRESSIVE;
				GCC_WARN_UNUSED_FUNCTION = YES;
				GCC_WARN_UNUSED_VARIABLE = YES;
				IPHONEOS_DEPLOYMENT_TARGET = 10.3;
				MTL_ENABLE_DEBUG_INFO = NO;
				SDKROOT = iphoneos;
				TARGETED_DEVICE_FAMILY = "1,2";
				VALIDATE_PRODUCT = YES;
			};
			name = Release;
		};
		B815E0BD1E9BD8E100B6B80B /* Debug */ = {
			isa = XCBuildConfiguration;
			buildSettings = {
				ASSETCATALOG_COMPILER_APPICON_NAME = AppIcon;
				INFOPLIST_FILE = "15-瀑布流/Info.plist";
				LD_RUNPATH_SEARCH_PATHS = "$(inherited) @executable_path/Frameworks";
				PRODUCT_BUNDLE_IDENTIFIER = "mark.-5----";
				PRODUCT_NAME = "$(TARGET_NAME)";
			};
			name = Debug;
		};
		B815E0BE1E9BD8E100B6B80B /* Release */ = {
			isa = XCBuildConfiguration;
			buildSettings = {
				ASSETCATALOG_COMPILER_APPICON_NAME = AppIcon;
				INFOPLIST_FILE = "15-瀑布流/Info.plist";
				LD_RUNPATH_SEARCH_PATHS = "$(inherited) @executable_path/Frameworks";
				PRODUCT_BUNDLE_IDENTIFIER = "mark.-5----";
				PRODUCT_NAME = "$(TARGET_NAME)";
			};
			name = Release;
		};
		B815E0C01E9BD8E100B6B80B /* Debug */ = {
			isa = XCBuildConfiguration;
			buildSettings = {
				BUNDLE_LOADER = "$(TEST_HOST)";
				INFOPLIST_FILE = "15-瀑布流Tests/Info.plist";
				LD_RUNPATH_SEARCH_PATHS = "$(inherited) @executable_path/Frameworks @loader_path/Frameworks";
				PRODUCT_BUNDLE_IDENTIFIER = "mark.-5----Tests";
				PRODUCT_NAME = "$(TARGET_NAME)";
				TEST_HOST = "$(BUILT_PRODUCTS_DIR)/15-瀑布流.app/15-瀑布流";
			};
			name = Debug;
		};
		B815E0C11E9BD8E100B6B80B /* Release */ = {
			isa = XCBuildConfiguration;
			buildSettings = {
				BUNDLE_LOADER = "$(TEST_HOST)";
				INFOPLIST_FILE = "15-瀑布流Tests/Info.plist";
				LD_RUNPATH_SEARCH_PATHS = "$(inherited) @executable_path/Frameworks @loader_path/Frameworks";
				PRODUCT_BUNDLE_IDENTIFIER = "mark.-5----Tests";
				PRODUCT_NAME = "$(TARGET_NAME)";
				TEST_HOST = "$(BUILT_PRODUCTS_DIR)/15-瀑布流.app/15-瀑布流";
			};
			name = Release;
		};
		B815E0C31E9BD8E100B6B80B /* Debug */ = {
			isa = XCBuildConfiguration;
			buildSettings = {
				INFOPLIST_FILE = "15-瀑布流UITests/Info.plist";
				LD_RUNPATH_SEARCH_PATHS = "$(inherited) @executable_path/Frameworks @loader_path/Frameworks";
				PRODUCT_BUNDLE_IDENTIFIER = "mark.-5----UITests";
				PRODUCT_NAME = "$(TARGET_NAME)";
				TEST_TARGET_NAME = "15-瀑布流";
			};
			name = Debug;
		};
		B815E0C41E9BD8E100B6B80B /* Release */ = {
			isa = XCBuildConfiguration;
			buildSettings = {
				INFOPLIST_FILE = "15-瀑布流UITests/Info.plist";
				LD_RUNPATH_SEARCH_PATHS = "$(inherited) @executable_path/Frameworks @loader_path/Frameworks";
				PRODUCT_BUNDLE_IDENTIFIER = "mark.-5----UITests";
				PRODUCT_NAME = "$(TARGET_NAME)";
				TEST_TARGET_NAME = "15-瀑布流";
			};
			name = Release;
		};
/* End XCBuildConfiguration section */

/* Begin XCConfigurationList section */
		B815E08A1E9BD8E000B6B80B /* Build configuration list for PBXProject "15-瀑布流" */ = {
			isa = XCConfigurationList;
			buildConfigurations = (
				B815E0BA1E9BD8E100B6B80B /* Debug */,
				B815E0BB1E9BD8E100B6B80B /* Release */,
			);
			defaultConfigurationIsVisible = 0;
			defaultConfigurationName = Release;
		};
		B815E0BC1E9BD8E100B6B80B /* Build configuration list for PBXNativeTarget "15-瀑布流" */ = {
			isa = XCConfigurationList;
			buildConfigurations = (
				B815E0BD1E9BD8E100B6B80B /* Debug */,
				B815E0BE1E9BD8E100B6B80B /* Release */,
			);
			defaultConfigurationIsVisible = 0;
		};
		B815E0BF1E9BD8E100B6B80B /* Build configuration list for PBXNativeTarget "15-瀑布流Tests" */ = {
			isa = XCConfigurationList;
			buildConfigurations = (
				B815E0C01E9BD8E100B6B80B /* Debug */,
				B815E0C11E9BD8E100B6B80B /* Release */,
			);
			defaultConfigurationIsVisible = 0;
		};
		B815E0C21E9BD8E100B6B80B /* Build configuration list for PBXNativeTarget "15-瀑布流UITests" */ = {
			isa = XCConfigurationList;
			buildConfigurations = (
				B815E0C31E9BD8E100B6B80B /* Debug */,
				B815E0C41E9BD8E100B6B80B /* Release */,
			);
			defaultConfigurationIsVisible = 0;
		};
/* End XCConfigurationList section */
	};
	rootObject = B815E0871E9BD8E000B6B80B /* Project object */;
}
