// !$*UTF8*$!
{
	archiveVersion = 1;
	classes = {
	};
	objectVersion = 46;
	objects = {

/* Begin PBXBuildFile section */
		B8546D101CF0A10B001FDF1B /* main.m in Sources */ = {isa = PBXBuildFile; fileRef = B8546D0F1CF0A10B001FDF1B /* main.m */; };
		B8546D131CF0A10B001FDF1B /* AppDelegate.m in Sources */ = {isa = PBXBuildFile; fileRef = B8546D121CF0A10B001FDF1B /* AppDelegate.m */; };
		B8546D161CF0A10B001FDF1B /* ViewController.m in Sources */ = {isa = PBXBuildFile; fileRef = B8546D151CF0A10B001FDF1B /* ViewController.m */; };
		B8546D191CF0A10B001FDF1B /* Main.storyboard in Resources */ = {isa = PBXBuildFile; fileRef = B8546D171CF0A10B001FDF1B /* Main.storyboard */; };
		B8546D1B1CF0A10B001FDF1B /* Assets.xcassets in Resources */ = {isa = PBXBuildFile; fileRef = B8546D1A1CF0A10B001FDF1B /* Assets.xcassets */; };
		B8546D1E1CF0A10B001FDF1B /* LaunchScreen.storyboard in Resources */ = {isa = PBXBuildFile; fileRef = B8546D1C1CF0A10B001FDF1B /* LaunchScreen.storyboard */; };
		B8546D291CF0A10B001FDF1B /* _8_QQ____Tests.m in Sources */ = {isa = PBXBuildFile; fileRef = B8546D281CF0A10B001FDF1B /* _8_QQ____Tests.m */; };
		B8546D341CF0A10B001FDF1B /* _8_QQ____UITests.m in Sources */ = {isa = PBXBuildFile; fileRef = B8546D331CF0A10B001FDF1B /* _8_QQ____UITests.m */; };
		B8546D431CF0A1E5001FDF1B /* YHPGooView.m in Sources */ = {isa = PBXBuildFile; fileRef = B8546D421CF0A1E5001FDF1B /* YHPGooView.m */; };
/* End PBXBuildFile section */

/* Begin PBXContainerItemProxy section */
		B8546D251CF0A10B001FDF1B /* PBXContainerItemProxy */ = {
			isa = PBXContainerItemProxy;
			containerPortal = B8546D031CF0A10B001FDF1B /* Project object */;
			proxyType = 1;
			remoteGlobalIDString = B8546D0A1CF0A10B001FDF1B;
			remoteInfo = "08-QQ粘性效果";
		};
		B8546D301CF0A10B001FDF1B /* PBXContainerItemProxy */ = {
			isa = PBXContainerItemProxy;
			containerPortal = B8546D031CF0A10B001FDF1B /* Project object */;
			proxyType = 1;
			remoteGlobalIDString = B8546D0A1CF0A10B001FDF1B;
			remoteInfo = "08-QQ粘性效果";
		};
/* End PBXContainerItemProxy section */

/* Begin PBXFileReference section */
		B8546D0B1CF0A10B001FDF1B /* 08-QQ粘性效果.app */ = {isa = PBXFileReference; explicitFileType = wrapper.application; includeInIndex = 0; path = "08-QQ粘性效果.app"; sourceTree = BUILT_PRODUCTS_DIR; };
		B8546D0F1CF0A10B001FDF1B /* main.m */ = {isa = PBXFileReference; lastKnownFileType = sourcecode.c.objc; path = main.m; sourceTree = "<group>"; };
		B8546D111CF0A10B001FDF1B /* AppDelegate.h */ = {isa = PBXFileReference; lastKnownFileType = sourcecode.c.h; path = AppDelegate.h; sourceTree = "<group>"; };
		B8546D121CF0A10B001FDF1B /* AppDelegate.m */ = {isa = PBXFileReference; lastKnownFileType = sourcecode.c.objc; path = AppDelegate.m; sourceTree = "<group>"; };
		B8546D141CF0A10B001FDF1B /* ViewController.h */ = {isa = PBXFileReference; lastKnownFileType = sourcecode.c.h; path = ViewController.h; sourceTree = "<group>"; };
		B8546D151CF0A10B001FDF1B /* ViewController.m */ = {isa = PBXFileReference; lastKnownFileType = sourcecode.c.objc; path = ViewController.m; sourceTree = "<group>"; };
		B8546D181CF0A10B001FDF1B /* Base */ = {isa = PBXFileReference; lastKnownFileType = file.storyboard; name = Base; path = Base.lproj/Main.storyboard; sourceTree = "<group>"; };
		B8546D1A1CF0A10B001FDF1B /* Assets.xcassets */ = {isa = PBXFileReference; lastKnownFileType = folder.assetcatalog; path = Assets.xcassets; sourceTree = "<group>"; };
		B8546D1D1CF0A10B001FDF1B /* Base */ = {isa = PBXFileReference; lastKnownFileType = file.storyboard; name = Base; path = Base.lproj/LaunchScreen.storyboard; sourceTree = "<group>"; };
		B8546D1F1CF0A10B001FDF1B /* Info.plist */ = {isa = PBXFileReference; lastKnownFileType = text.plist.xml; path = Info.plist; sourceTree = "<group>"; };
		B8546D241CF0A10B001FDF1B /* 08-QQ粘性效果Tests.xctest */ = {isa = PBXFileReference; explicitFileType = wrapper.cfbundle; includeInIndex = 0; path = "08-QQ粘性效果Tests.xctest"; sourceTree = BUILT_PRODUCTS_DIR; };
		B8546D281CF0A10B001FDF1B /* _8_QQ____Tests.m */ = {isa = PBXFileReference; lastKnownFileType = sourcecode.c.objc; path = "_8_QQ____Tests.m"; sourceTree = "<group>"; };
		B8546D2A1CF0A10B001FDF1B /* Info.plist */ = {isa = PBXFileReference; lastKnownFileType = text.plist.xml; path = Info.plist; sourceTree = "<group>"; };
		B8546D2F1CF0A10B001FDF1B /* 08-QQ粘性效果UITests.xctest */ = {isa = PBXFileReference; explicitFileType = wrapper.cfbundle; includeInIndex = 0; path = "08-QQ粘性效果UITests.xctest"; sourceTree = BUILT_PRODUCTS_DIR; };
		B8546D331CF0A10B001FDF1B /* _8_QQ____UITests.m */ = {isa = PBXFileReference; lastKnownFileType = sourcecode.c.objc; path = "_8_QQ____UITests.m"; sourceTree = "<group>"; };
		B8546D351CF0A10B001FDF1B /* Info.plist */ = {isa = PBXFileReference; lastKnownFileType = text.plist.xml; path = Info.plist; sourceTree = "<group>"; };
		B8546D411CF0A1E5001FDF1B /* YHPGooView.h */ = {isa = PBXFileReference; fileEncoding = 4; lastKnownFileType = sourcecode.c.h; path = YHPGooView.h; sourceTree = "<group>"; };
		B8546D421CF0A1E5001FDF1B /* YHPGooView.m */ = {isa = PBXFileReference; fileEncoding = 4; lastKnownFileType = sourcecode.c.objc; path = YHPGooView.m; sourceTree = "<group>"; };
/* End PBXFileReference section */

/* Begin PBXFrameworksBuildPhase section */
		B8546D081CF0A10B001FDF1B /* Frameworks */ = {
			isa = PBXFrameworksBuildPhase;
			buildActionMask = 2147483647;
			files = (
			);
			runOnlyForDeploymentPostprocessing = 0;
		};
		B8546D211CF0A10B001FDF1B /* Frameworks */ = {
			isa = PBXFrameworksBuildPhase;
			buildActionMask = 2147483647;
			files = (
			);
			runOnlyForDeploymentPostprocessing = 0;
		};
		B8546D2C1CF0A10B001FDF1B /* Frameworks */ = {
			isa = PBXFrameworksBuildPhase;
			buildActionMask = 2147483647;
			files = (
			);
			runOnlyForDeploymentPostprocessing = 0;
		};
/* End PBXFrameworksBuildPhase section */

/* Begin PBXGroup section */
		B8546D021CF0A10B001FDF1B = {
			isa = PBXGroup;
			children = (
				B8546D0D1CF0A10B001FDF1B /* 08-QQ粘性效果 */,
				B8546D271CF0A10B001FDF1B /* 08-QQ粘性效果Tests */,
				B8546D321CF0A10B001FDF1B /* 08-QQ粘性效果UITests */,
				B8546D0C1CF0A10B001FDF1B /* Products */,
			);
			sourceTree = "<group>";
		};
		B8546D0C1CF0A10B001FDF1B /* Products */ = {
			isa = PBXGroup;
			children = (
				B8546D0B1CF0A10B001FDF1B /* 08-QQ粘性效果.app */,
				B8546D241CF0A10B001FDF1B /* 08-QQ粘性效果Tests.xctest */,
				B8546D2F1CF0A10B001FDF1B /* 08-QQ粘性效果UITests.xctest */,
			);
			name = Products;
			sourceTree = "<group>";
		};
		B8546D0D1CF0A10B001FDF1B /* 08-QQ粘性效果 */ = {
			isa = PBXGroup;
			children = (
				B8546D111CF0A10B001FDF1B /* AppDelegate.h */,
				B8546D121CF0A10B001FDF1B /* AppDelegate.m */,
				B8546D141CF0A10B001FDF1B /* ViewController.h */,
				B8546D151CF0A10B001FDF1B /* ViewController.m */,
				B8546D411CF0A1E5001FDF1B /* YHPGooView.h */,
				B8546D421CF0A1E5001FDF1B /* YHPGooView.m */,
				B8546D171CF0A10B001FDF1B /* Main.storyboard */,
				B8546D1A1CF0A10B001FDF1B /* Assets.xcassets */,
				B8546D1C1CF0A10B001FDF1B /* LaunchScreen.storyboard */,
				B8546D1F1CF0A10B001FDF1B /* Info.plist */,
				B8546D0E1CF0A10B001FDF1B /* Supporting Files */,
			);
			path = "08-QQ粘性效果";
			sourceTree = "<group>";
		};
		B8546D0E1CF0A10B001FDF1B /* Supporting Files */ = {
			isa = PBXGroup;
			children = (
				B8546D0F1CF0A10B001FDF1B /* main.m */,
			);
			name = "Supporting Files";
			sourceTree = "<group>";
		};
		B8546D271CF0A10B001FDF1B /* 08-QQ粘性效果Tests */ = {
			isa = PBXGroup;
			children = (
				B8546D281CF0A10B001FDF1B /* _8_QQ____Tests.m */,
				B8546D2A1CF0A10B001FDF1B /* Info.plist */,
			);
			path = "08-QQ粘性效果Tests";
			sourceTree = "<group>";
		};
		B8546D321CF0A10B001FDF1B /* 08-QQ粘性效果UITests */ = {
			isa = PBXGroup;
			children = (
				B8546D331CF0A10B001FDF1B /* _8_QQ____UITests.m */,
				B8546D351CF0A10B001FDF1B /* Info.plist */,
			);
			path = "08-QQ粘性效果UITests";
			sourceTree = "<group>";
		};
/* End PBXGroup section */

/* Begin PBXNativeTarget section */
		B8546D0A1CF0A10B001FDF1B /* 08-QQ粘性效果 */ = {
			isa = PBXNativeTarget;
			buildConfigurationList = B8546D381CF0A10B001FDF1B /* Build configuration list for PBXNativeTarget "08-QQ粘性效果" */;
			buildPhases = (
				B8546D071CF0A10B001FDF1B /* Sources */,
				B8546D081CF0A10B001FDF1B /* Frameworks */,
				B8546D091CF0A10B001FDF1B /* Resources */,
			);
			buildRules = (
			);
			dependencies = (
			);
			name = "08-QQ粘性效果";
			productName = "08-QQ粘性效果";
			productReference = B8546D0B1CF0A10B001FDF1B /* 08-QQ粘性效果.app */;
			productType = "com.apple.product-type.application";
		};
		B8546D231CF0A10B001FDF1B /* 08-QQ粘性效果Tests */ = {
			isa = PBXNativeTarget;
			buildConfigurationList = B8546D3B1CF0A10B001FDF1B /* Build configuration list for PBXNativeTarget "08-QQ粘性效果Tests" */;
			buildPhases = (
				B8546D201CF0A10B001FDF1B /* Sources */,
				B8546D211CF0A10B001FDF1B /* Frameworks */,
				B8546D221CF0A10B001FDF1B /* Resources */,
			);
			buildRules = (
			);
			dependencies = (
				B8546D261CF0A10B001FDF1B /* PBXTargetDependency */,
			);
			name = "08-QQ粘性效果Tests";
			productName = "08-QQ粘性效果Tests";
			productReference = B8546D241CF0A10B001FDF1B /* 08-QQ粘性效果Tests.xctest */;
			productType = "com.apple.product-type.bundle.unit-test";
		};
		B8546D2E1CF0A10B001FDF1B /* 08-QQ粘性效果UITests */ = {
			isa = PBXNativeTarget;
			buildConfigurationList = B8546D3E1CF0A10B001FDF1B /* Build configuration list for PBXNativeTarget "08-QQ粘性效果UITests" */;
			buildPhases = (
				B8546D2B1CF0A10B001FDF1B /* Sources */,
				B8546D2C1CF0A10B001FDF1B /* Frameworks */,
				B8546D2D1CF0A10B001FDF1B /* Resources */,
			);
			buildRules = (
			);
			dependencies = (
				B8546D311CF0A10B001FDF1B /* PBXTargetDependency */,
			);
			name = "08-QQ粘性效果UITests";
			productName = "08-QQ粘性效果UITests";
			productReference = B8546D2F1CF0A10B001FDF1B /* 08-QQ粘性效果UITests.xctest */;
			productType = "com.apple.product-type.bundle.ui-testing";
		};
/* End PBXNativeTarget section */

/* Begin PBXProject section */
		B8546D031CF0A10B001FDF1B /* Project object */ = {
			isa = PBXProject;
			attributes = {
				CLASSPREFIX = YHP;
				LastUpgradeCheck = 0730;
				ORGANIZATIONNAME = YouHuaPei;
				TargetAttributes = {
					B8546D0A1CF0A10B001FDF1B = {
						CreatedOnToolsVersion = 7.3.1;
					};
					B8546D231CF0A10B001FDF1B = {
						CreatedOnToolsVersion = 7.3.1;
						DevelopmentTeam = U9A585N65C;
						TestTargetID = B8546D0A1CF0A10B001FDF1B;
					};
					B8546D2E1CF0A10B001FDF1B = {
						CreatedOnToolsVersion = 7.3.1;
						DevelopmentTeam = U9A585N65C;
						TestTargetID = B8546D0A1CF0A10B001FDF1B;
					};
				};
			};
			buildConfigurationList = B8546D061CF0A10B001FDF1B /* Build configuration list for PBXProject "08-QQ粘性效果" */;
			compatibilityVersion = "Xcode 3.2";
			developmentRegion = English;
			hasScannedForEncodings = 0;
			knownRegions = (
				en,
				Base,
			);
			mainGroup = B8546D021CF0A10B001FDF1B;
			productRefGroup = B8546D0C1CF0A10B001FDF1B /* Products */;
			projectDirPath = "";
			projectRoot = "";
			targets = (
				B8546D0A1CF0A10B001FDF1B /* 08-QQ粘性效果 */,
				B8546D231CF0A10B001FDF1B /* 08-QQ粘性效果Tests */,
				B8546D2E1CF0A10B001FDF1B /* 08-QQ粘性效果UITests */,
			);
		};
/* End PBXProject section */

/* Begin PBXResourcesBuildPhase section */
		B8546D091CF0A10B001FDF1B /* Resources */ = {
			isa = PBXResourcesBuildPhase;
			buildActionMask = 2147483647;
			files = (
				B8546D1E1CF0A10B001FDF1B /* LaunchScreen.storyboard in Resources */,
				B8546D1B1CF0A10B001FDF1B /* Assets.xcassets in Resources */,
				B8546D191CF0A10B001FDF1B /* Main.storyboard in Resources */,
			);
			runOnlyForDeploymentPostprocessing = 0;
		};
		B8546D221CF0A10B001FDF1B /* Resources */ = {
			isa = PBXResourcesBuildPhase;
			buildActionMask = 2147483647;
			files = (
			);
			runOnlyForDeploymentPostprocessing = 0;
		};
		B8546D2D1CF0A10B001FDF1B /* Resources */ = {
			isa = PBXResourcesBuildPhase;
			buildActionMask = 2147483647;
			files = (
			);
			runOnlyForDeploymentPostprocessing = 0;
		};
/* End PBXResourcesBuildPhase section */

/* Begin PBXSourcesBuildPhase section */
		B8546D071CF0A10B001FDF1B /* Sources */ = {
			isa = PBXSourcesBuildPhase;
			buildActionMask = 2147483647;
			files = (
				B8546D431CF0A1E5001FDF1B /* YHPGooView.m in Sources */,
				B8546D161CF0A10B001FDF1B /* ViewController.m in Sources */,
				B8546D131CF0A10B001FDF1B /* AppDelegate.m in Sources */,
				B8546D101CF0A10B001FDF1B /* main.m in Sources */,
			);
			runOnlyForDeploymentPostprocessing = 0;
		};
		B8546D201CF0A10B001FDF1B /* Sources */ = {
			isa = PBXSourcesBuildPhase;
			buildActionMask = 2147483647;
			files = (
				B8546D291CF0A10B001FDF1B /* _8_QQ____Tests.m in Sources */,
			);
			runOnlyForDeploymentPostprocessing = 0;
		};
		B8546D2B1CF0A10B001FDF1B /* Sources */ = {
			isa = PBXSourcesBuildPhase;
			buildActionMask = 2147483647;
			files = (
				B8546D341CF0A10B001FDF1B /* _8_QQ____UITests.m in Sources */,
			);
			runOnlyForDeploymentPostprocessing = 0;
		};
/* End PBXSourcesBuildPhase section */

/* Begin PBXTargetDependency section */
		B8546D261CF0A10B001FDF1B /* PBXTargetDependency */ = {
			isa = PBXTargetDependency;
			target = B8546D0A1CF0A10B001FDF1B /* 08-QQ粘性效果 */;
			targetProxy = B8546D251CF0A10B001FDF1B /* PBXContainerItemProxy */;
		};
		B8546D311CF0A10B001FDF1B /* PBXTargetDependency */ = {
			isa = PBXTargetDependency;
			target = B8546D0A1CF0A10B001FDF1B /* 08-QQ粘性效果 */;
			targetProxy = B8546D301CF0A10B001FDF1B /* PBXContainerItemProxy */;
		};
/* End PBXTargetDependency section */

/* Begin PBXVariantGroup section */
		B8546D171CF0A10B001FDF1B /* Main.storyboard */ = {
			isa = PBXVariantGroup;
			children = (
				B8546D181CF0A10B001FDF1B /* Base */,
			);
			name = Main.storyboard;
			sourceTree = "<group>";
		};
		B8546D1C1CF0A10B001FDF1B /* LaunchScreen.storyboard */ = {
			isa = PBXVariantGroup;
			children = (
				B8546D1D1CF0A10B001FDF1B /* Base */,
			);
			name = LaunchScreen.storyboard;
			sourceTree = "<group>";
		};
/* End PBXVariantGroup section */

/* Begin XCBuildConfiguration section */
		B8546D361CF0A10B001FDF1B /* Debug */ = {
			isa = XCBuildConfiguration;
			buildSettings = {
				ALWAYS_SEARCH_USER_PATHS = NO;
				CLANG_ANALYZER_NONNULL = YES;
				CLANG_CXX_LANGUAGE_STANDARD = "gnu++0x";
				CLANG_CXX_LIBRARY = "libc++";
				CLANG_ENABLE_MODULES = YES;
				CLANG_ENABLE_OBJC_ARC = YES;
				CLANG_WARN_BOOL_CONVERSION = YES;
				CLANG_WARN_CONSTANT_CONVERSION = YES;
				CLANG_WARN_DIRECT_OBJC_ISA_USAGE = YES_ERROR;
				CLANG_WARN_EMPTY_BODY = YES;
				CLANG_WARN_ENUM_CONVERSION = YES;
				CLANG_WARN_INT_CONVERSION = YES;
				CLANG_WARN_OBJC_ROOT_CLASS = YES_ERROR;
				CLANG_WARN_UNREACHABLE_CODE = YES;
				CLANG_WARN__DUPLICATE_METHOD_MATCH = YES;
				"CODE_SIGN_IDENTITY[sdk=iphoneos*]" = "iPhone Developer";
				COPY_PHASE_STRIP = NO;
				DEBUG_INFORMATION_FORMAT = dwarf;
				ENABLE_STRICT_OBJC_MSGSEND = YES;
				ENABLE_TESTABILITY = YES;
				GCC_C_LANGUAGE_STANDARD = gnu99;
				GCC_DYNAMIC_NO_PIC = NO;
				GCC_NO_COMMON_BLOCKS = YES;
				GCC_OPTIMIZATION_LEVEL = 0;
				GCC_PREPROCESSOR_DEFINITIONS = (
					"DEBUG=1",
					"$(inherited)",
				);
				GCC_WARN_64_TO_32_BIT_CONVERSION = YES;
				GCC_WARN_ABOUT_RETURN_TYPE = YES_ERROR;
				GCC_WARN_UNDECLARED_SELECTOR = YES;
				GCC_WARN_UNINITIALIZED_AUTOS = YES_AGGRESSIVE;
				GCC_WARN_UNUSED_FUNCTION = YES;
				GCC_WARN_UNUSED_VARIABLE = YES;
				IPHONEOS_DEPLOYMENT_TARGET = 9.3;
				MTL_ENABLE_DEBUG_INFO = YES;
				ONLY_ACTIVE_ARCH = YES;
				SDKROOT = iphoneos;
				TARGETED_DEVICE_FAMILY = "1,2";
			};
			name = Debug;
		};
		B8546D371CF0A10B001FDF1B /* Release */ = {
			isa = XCBuildConfiguration;
			buildSettings = {
				ALWAYS_SEARCH_USER_PATHS = NO;
				CLANG_ANALYZER_NONNULL = YES;
				CLANG_CXX_LANGUAGE_STANDARD = "gnu++0x";
				CLANG_CXX_LIBRARY = "libc++";
				CLANG_ENABLE_MODULES = YES;
				CLANG_ENABLE_OBJC_ARC = YES;
				CLANG_WARN_BOOL_CONVERSION = YES;
				CLANG_WARN_CONSTANT_CONVERSION = YES;
				CLANG_WARN_DIRECT_OBJC_ISA_USAGE = YES_ERROR;
				CLANG_WARN_EMPTY_BODY = YES;
				CLANG_WARN_ENUM_CONVERSION = YES;
				CLANG_WARN_INT_CONVERSION = YES;
				CLANG_WARN_OBJC_ROOT_CLASS = YES_ERROR;
				CLANG_WARN_UNREACHABLE_CODE = YES;
				CLANG_WARN__DUPLICATE_METHOD_MATCH = YES;
				"CODE_SIGN_IDENTITY[sdk=iphoneos*]" = "iPhone Developer";
				COPY_PHASE_STRIP = NO;
				DEBUG_INFORMATION_FORMAT = "dwarf-with-dsym";
				ENABLE_NS_ASSERTIONS = NO;
				ENABLE_STRICT_OBJC_MSGSEND = YES;
				GCC_C_LANGUAGE_STANDARD = gnu99;
				GCC_NO_COMMON_BLOCKS = YES;
				GCC_WARN_64_TO_32_BIT_CONVERSION = YES;
				GCC_WARN_ABOUT_RETURN_TYPE = YES_ERROR;
				GCC_WARN_UNDECLARED_SELECTOR = YES;
				GCC_WARN_UNINITIALIZED_AUTOS = YES_AGGRESSIVE;
				GCC_WARN_UNUSED_FUNCTION = YES;
				GCC_WARN_UNUSED_VARIABLE = YES;
				IPHONEOS_DEPLOYMENT_TARGET = 9.3;
				MTL_ENABLE_DEBUG_INFO = NO;
				SDKROOT = iphoneos;
				TARGETED_DEVICE_FAMILY = "1,2";
				VALIDATE_PRODUCT = YES;
			};
			name = Release;
		};
		B8546D391CF0A10B001FDF1B /* Debug */ = {
			isa = XCBuildConfiguration;
			buildSettings = {
				ASSETCATALOG_COMPILER_APPICON_NAME = AppIcon;
				CODE_SIGN_IDENTITY = "iPhone Developer";
				INFOPLIST_FILE = "08-QQ粘性效果/Info.plist";
				LD_RUNPATH_SEARCH_PATHS = "$(inherited) @executable_path/Frameworks";
				PRODUCT_BUNDLE_IDENTIFIER = "mark.-8-QQ----";
				PRODUCT_NAME = "$(TARGET_NAME)";
			};
			name = Debug;
		};
		B8546D3A1CF0A10B001FDF1B /* Release */ = {
			isa = XCBuildConfiguration;
			buildSettings = {
				ASSETCATALOG_COMPILER_APPICON_NAME = AppIcon;
				CODE_SIGN_IDENTITY = "iPhone Developer";
				INFOPLIST_FILE = "08-QQ粘性效果/Info.plist";
				LD_RUNPATH_SEARCH_PATHS = "$(inherited) @executable_path/Frameworks";
				PRODUCT_BUNDLE_IDENTIFIER = "mark.-8-QQ----";
				PRODUCT_NAME = "$(TARGET_NAME)";
			};
			name = Release;
		};
		B8546D3C1CF0A10B001FDF1B /* Debug */ = {
			isa = XCBuildConfiguration;
			buildSettings = {
				BUNDLE_LOADER = "$(TEST_HOST)";
				INFOPLIST_FILE = "08-QQ粘性效果Tests/Info.plist";
				LD_RUNPATH_SEARCH_PATHS = "$(inherited) @executable_path/Frameworks @loader_path/Frameworks";
				PRODUCT_BUNDLE_IDENTIFIER = "mark.-8-QQ----Tests";
				PRODUCT_NAME = "$(TARGET_NAME)";
				TEST_HOST = "$(BUILT_PRODUCTS_DIR)/08-QQ粘性效果.app/08-QQ粘性效果";
			};
			name = Debug;
		};
		B8546D3D1CF0A10B001FDF1B /* Release */ = {
			isa = XCBuildConfiguration;
			buildSettings = {
				BUNDLE_LOADER = "$(TEST_HOST)";
				INFOPLIST_FILE = "08-QQ粘性效果Tests/Info.plist";
				LD_RUNPATH_SEARCH_PATHS = "$(inherited) @executable_path/Frameworks @loader_path/Frameworks";
				PRODUCT_BUNDLE_IDENTIFIER = "mark.-8-QQ----Tests";
				PRODUCT_NAME = "$(TARGET_NAME)";
				TEST_HOST = "$(BUILT_PRODUCTS_DIR)/08-QQ粘性效果.app/08-QQ粘性效果";
			};
			name = Release;
		};
		B8546D3F1CF0A10B001FDF1B /* Debug */ = {
			isa = XCBuildConfiguration;
			buildSettings = {
				INFOPLIST_FILE = "08-QQ粘性效果UITests/Info.plist";
				LD_RUNPATH_SEARCH_PATHS = "$(inherited) @executable_path/Frameworks @loader_path/Frameworks";
				PRODUCT_BUNDLE_IDENTIFIER = "mark.-8-QQ----UITests";
				PRODUCT_NAME = "$(TARGET_NAME)";
				TEST_TARGET_NAME = "08-QQ粘性效果";
			};
			name = Debug;
		};
		B8546D401CF0A10B001FDF1B /* Release */ = {
			isa = XCBuildConfiguration;
			buildSettings = {
				INFOPLIST_FILE = "08-QQ粘性效果UITests/Info.plist";
				LD_RUNPATH_SEARCH_PATHS = "$(inherited) @executable_path/Frameworks @loader_path/Frameworks";
				PRODUCT_BUNDLE_IDENTIFIER = "mark.-8-QQ----UITests";
				PRODUCT_NAME = "$(TARGET_NAME)";
				TEST_TARGET_NAME = "08-QQ粘性效果";
			};
			name = Release;
		};
/* End XCBuildConfiguration section */

/* Begin XCConfigurationList section */
		B8546D061CF0A10B001FDF1B /* Build configuration list for PBXProject "08-QQ粘性效果" */ = {
			isa = XCConfigurationList;
			buildConfigurations = (
				B8546D361CF0A10B001FDF1B /* Debug */,
				B8546D371CF0A10B001FDF1B /* Release */,
			);
			defaultConfigurationIsVisible = 0;
			defaultConfigurationName = Release;
		};
		B8546D381CF0A10B001FDF1B /* Build configuration list for PBXNativeTarget "08-QQ粘性效果" */ = {
			isa = XCConfigurationList;
			buildConfigurations = (
				B8546D391CF0A10B001FDF1B /* Debug */,
				B8546D3A1CF0A10B001FDF1B /* Release */,
			);
			defaultConfigurationIsVisible = 0;
		};
		B8546D3B1CF0A10B001FDF1B /* Build configuration list for PBXNativeTarget "08-QQ粘性效果Tests" */ = {
			isa = XCConfigurationList;
			buildConfigurations = (
				B8546D3C1CF0A10B001FDF1B /* Debug */,
				B8546D3D1CF0A10B001FDF1B /* Release */,
			);
			defaultConfigurationIsVisible = 0;
		};
		B8546D3E1CF0A10B001FDF1B /* Build configuration list for PBXNativeTarget "08-QQ粘性效果UITests" */ = {
			isa = XCConfigurationList;
			buildConfigurations = (
				B8546D3F1CF0A10B001FDF1B /* Debug */,
				B8546D401CF0A10B001FDF1B /* Release */,
			);
			defaultConfigurationIsVisible = 0;
		};
/* End XCConfigurationList section */
	};
	rootObject = B8546D031CF0A10B001FDF1B /* Project object */;
}
